<?xml version="1.0" encoding="utf-8"?>
<Project ToolsVersion="4.0" xmlns="http://schemas.microsoft.com/developer/msbuild/2003">
  <ItemGroup>
    <Filter Include="Quellcodedateien">
      <UniqueIdentifier>{fdfea77c-b63e-44ce-9aa8-d342b30b8c16}</UniqueIdentifier>
      <Extensions>cpp;c;cxx;rc;def;r;odl;idl;hpj;bat</Extensions>
    </Filter>
    <Filter Include="Header-Dateien">
      <UniqueIdentifier>{2c826505-b587-4a72-8458-dd0512e4d6aa}</UniqueIdentifier>
      <Extensions>h;hpp;hxx;hm;inl</Extensions>
    </Filter>
    <Filter Include="unix">
      <UniqueIdentifier>{1aa4f121-1430-42b0-9ece-6312c6c5b991}</UniqueIdentifier>
    </Filter>
  </ItemGroup>
  <ItemGroup>
    <ClCompile Include="src\asciidat.c">
      <Filter>Quellcodedateien</Filter>
    </ClCompile>
    <ClCompile Include="src\g_lilf.c">
      <Filter>Quellcodedateien</Filter>
    </ClCompile>
    <ClCompile Include="src\hp_mainz.c">
      <Filter>Quellcodedateien</Filter>
    </ClCompile>
    <ClCompile Include="src\ifaform.c">
      <Filter>Quellcodedateien</Filter>
    </ClCompile>
    <ClCompile Include="src\logfile.c">
      <Filter>Quellcodedateien</Filter>
    </ClCompile>
    <ClCompile Include="src\zplilf.c">
      <Filter>Quellcodedateien</Filter>
    </ClCompile>
  </ItemGroup>
  <ItemGroup>
    <ClInclude Include="src\asciidat.h">
      <Filter>Header-Dateien</Filter>
    </ClInclude>
    <ClInclude Include="src\ifa_form.h">
      <Filter>Header-Dateien</Filter>
    </ClInclude>
    <ClInclude Include="src\ifa_stat.h">
      <Filter>Header-Dateien</Filter>
    </ClInclude>
    <ClInclude Include="src\logfile.h">
      <Filter>Header-Dateien</Filter>
    </ClInclude>
  </ItemGroup>
  <ItemGroup>
    <None Include="makefile">
      <Filter>unix</Filter>
    </None>
  </ItemGroup>
</Project>