<?xml version="1.0" encoding="utf-8"?>
<Project ToolsVersion="4.0" xmlns="http://schemas.microsoft.com/developer/msbuild/2003">
  <ItemGroup>
    <Filter Include="Quelldateien">
      <UniqueIdentifier>{ffd80eb9-89e6-4dec-a69b-fa5383cbe4df}</UniqueIdentifier>
    </Filter>
    <Filter Include="Headerdateien">
      <UniqueIdentifier>{6e0f8d60-27ae-459f-a061-53268584e2b4}</UniqueIdentifier>
    </Filter>
    <Filter Include="unix">
      <UniqueIdentifier>{e0eaceef-4771-4e2a-9be9-1248dfa245c4}</UniqueIdentifier>
    </Filter>
  </ItemGroup>
  <ItemGroup>
    <ClCompile Include="src\srvzdpdruck.c">
      <Filter>Quelldateien</Filter>
    </ClCompile>
    <ClCompile Include="src\u_ghaen.c">
      <Filter>Quelldateien</Filter>
    </ClCompile>
    <ClCompile Include="src\u_nwart.c">
      <Filter>Quelldateien</Filter>
    </ClCompile>
    <ClCompile Include="src\u_nwlie.c">
      <Filter>Quelldateien</Filter>
    </ClCompile>
    <ClCompile Include="src\zpdrmain.c">
      <Filter>Quelldateien</Filter>
    </ClCompile>
  </ItemGroup>
  <ItemGroup>
    <ClInclude Include="src\u_ghaen.h">
      <Filter>Headerdateien</Filter>
    </ClInclude>
    <ClInclude Include="src\u_nwart.h">
      <Filter>Headerdateien</Filter>
    </ClInclude>
    <ClInclude Include="src\u_nwlie.h">
      <Filter>Headerdateien</Filter>
    </ClInclude>
  </ItemGroup>
  <ItemGroup>
    <None Include="makefile">
      <Filter>unix</Filter>
    </None>
  </ItemGroup>
</Project>