<?xml version="1.0" encoding="utf-8"?>
<Project ToolsVersion="4.0" xmlns="http://schemas.microsoft.com/developer/msbuild/2003">
  <ItemGroup>
    <Filter Include="Quelldateien">
      <UniqueIdentifier>{4FC737F1-C7A5-4376-A066-2A32D752A2FF}</UniqueIdentifier>
      <Extensions>cpp;c;cxx;def;odl;idl;hpj;bat;asm;asmx</Extensions>
    </Filter>
    <Filter Include="Headerdateien">
      <UniqueIdentifier>{93995380-89BD-4b04-88EB-625FBE52EBFB}</UniqueIdentifier>
      <Extensions>h;hpp;hxx;hm;inl;inc;xsd</Extensions>
    </Filter>
    <Filter Include="unix">
      <UniqueIdentifier>{f633992c-d4f5-4093-9c58-8f443541b06f}</UniqueIdentifier>
    </Filter>
  </ItemGroup>
  <ItemGroup>
    <ClCompile Include="src\check_plausi.c">
      <Filter>Quelldateien</Filter>
    </ClCompile>
    <ClCompile Include="src\dc_form.c">
      <Filter>Quelldateien</Filter>
    </ClCompile>
    <ClCompile Include="src\g_dcartik.c">
      <Filter>Quelldateien</Filter>
    </ClCompile>
    <ClCompile Include="src\g_dcoart.c">
      <Filter>Quelldateien</Filter>
    </ClCompile>
    <ClCompile Include="src\hp_mainz.c">
      <Filter>Quelldateien</Filter>
    </ClCompile>
    <ClCompile Include="src\kf_rund.c">
      <Filter>Quelldateien</Filter>
    </ClCompile>
    <ClCompile Include="src\l_taxtab.c">
      <Filter>Quelldateien</Filter>
    </ClCompile>
    <ClCompile Include="src\logfile.c">
      <Filter>Quelldateien</Filter>
    </ClCompile>
    <ClCompile Include="src\sql_zdcart.c">
      <Filter>Quelldateien</Filter>
    </ClCompile>
    <ClCompile Include="src\znb_gen_dc.c">
      <Filter>Quelldateien</Filter>
    </ClCompile>
    <ClCompile Include="src\zpdcartik.c">
      <Filter>Quelldateien</Filter>
    </ClCompile>
    <ClCompile Include="src\zpreitst.c">
      <Filter>Quelldateien</Filter>
    </ClCompile>
  </ItemGroup>
  <ItemGroup>
    <ClInclude Include="src\check_plausi.h">
      <Filter>Headerdateien</Filter>
    </ClInclude>
    <ClInclude Include="src\dc_form.h">
      <Filter>Headerdateien</Filter>
    </ClInclude>
    <ClInclude Include="src\g_dcartik.h">
      <Filter>Headerdateien</Filter>
    </ClInclude>
    <ClInclude Include="src\g_dcoart.h">
      <Filter>Headerdateien</Filter>
    </ClInclude>
    <ClInclude Include="src\l_taxtab.h">
      <Filter>Headerdateien</Filter>
    </ClInclude>
    <ClInclude Include="src\logfile.h">
      <Filter>Headerdateien</Filter>
    </ClInclude>
    <ClInclude Include="src\sql_zdcart.h">
      <Filter>Headerdateien</Filter>
    </ClInclude>
    <ClInclude Include="src\znb_gen_dc.h">
      <Filter>Headerdateien</Filter>
    </ClInclude>
    <ClInclude Include="src\zpreitst.h">
      <Filter>Headerdateien</Filter>
    </ClInclude>
  </ItemGroup>
  <ItemGroup>
    <None Include="makefile">
      <Filter>unix</Filter>
    </None>
  </ItemGroup>
</Project>