<?xml version="1.0" encoding="utf-8"?>
<Project ToolsVersion="4.0" xmlns="http://schemas.microsoft.com/developer/msbuild/2003">
  <ItemGroup>
    <Filter Include="Quelldateien">
      <UniqueIdentifier>{b2320488-51f6-4b88-a45e-077a97842459}</UniqueIdentifier>
    </Filter>
    <Filter Include="Headerdateien">
      <UniqueIdentifier>{41c73055-f94c-4c23-934d-f5e6830d0bd6}</UniqueIdentifier>
    </Filter>
    <Filter Include="unix">
      <UniqueIdentifier>{d70bc578-a053-4fee-a923-74490c4f7aa5}</UniqueIdentifier>
    </Filter>
  </ItemGroup>
  <ItemGroup>
    <ClCompile Include="src\g_lfean.c">
      <Filter>Quelldateien</Filter>
    </ClCompile>
    <ClCompile Include="src\g_lfzartik.c">
      <Filter>Quelldateien</Filter>
    </ClCompile>
    <ClCompile Include="src\hp_mainz.c">
      <Filter>Quelldateien</Filter>
    </ClCompile>
    <ClCompile Include="src\logfile.c">
      <Filter>Quelldateien</Filter>
    </ClCompile>
    <ClCompile Include="src\sql_zplfzart.c">
      <Filter>Quelldateien</Filter>
    </ClCompile>
    <ClCompile Include="src\zplfzart.c">
      <Filter>Quelldateien</Filter>
    </ClCompile>
    <ClCompile Include="src\zplfzart_form.c">
      <Filter>Quelldateien</Filter>
    </ClCompile>
    <ClCompile Include="src\g_lfhealthinsurance.c">
      <Filter>Quelldateien</Filter>
    </ClCompile>
    <ClCompile Include="src\g_lfatc.c">
      <Filter>Quelldateien</Filter>
    </ClCompile>
  </ItemGroup>
  <ItemGroup>
    <ClInclude Include="src\g_lfean.h">
      <Filter>Headerdateien</Filter>
    </ClInclude>
    <ClInclude Include="src\g_lfzartik.h">
      <Filter>Headerdateien</Filter>
    </ClInclude>
    <ClInclude Include="src\logfile.h">
      <Filter>Headerdateien</Filter>
    </ClInclude>
    <ClInclude Include="src\sql_zplfzart.h">
      <Filter>Headerdateien</Filter>
    </ClInclude>
    <ClInclude Include="src\zplfzart_form.h">
      <Filter>Headerdateien</Filter>
    </ClInclude>
    <ClInclude Include="src\g_lfhealthinsurance.h">
      <Filter>Headerdateien</Filter>
    </ClInclude>
    <ClInclude Include="src\g_lfatc.h">
      <Filter>Headerdateien</Filter>
    </ClInclude>
  </ItemGroup>
  <ItemGroup>
    <None Include="makefile">
      <Filter>unix</Filter>
    </None>
  </ItemGroup>
</Project>