Microsoft Visual Studio Solution File, Format Version 12.00
# Visual Studio Version 16
VisualStudioVersion = 16.0.32228.343
MinimumVisualStudioVersion = 10.0.40219.1
Project("{8BC9CEB8-8B4A-11D0-8D11-00A0C91BC942}") = "Ekzdp", "EkZdp\Ekzdp.vcxproj", "{72E9CEF6-4521-4904-8BF7-F43AD23CC84C}"
EndProject
Project("{8BC9CEB8-8B4A-11D0-8D11-00A0C91BC942}") = "ZdpUtil", "ZdpUtil\ZdpUtil.vcxproj", "{18FD35B3-59FC-F1C6-60EB-A29334B5A757}"
EndProject
Project("{8BC9CEB8-8B4A-11D0-8D11-00A0C91BC942}") = "zdpdruck", "ZdpDruck\zdpdruck.vcxproj", "{9E4E83F2-12B6-9C76-CCE5-4C66C1493D77}"
EndProject
Project("{2150E333-8FDC-42A3-9474-1A3956D46DE8}") = "batch", "batch", "{667FCFD8-CD55-43E4-A442-73AB8CEC1630}"
	ProjectSection(SolutionItems) = preProject
		batch\collectbins.sh = batch\collectbins.sh
		batch\makefile = batch\makefile
		batch\makevars.inc = batch\makevars.inc
	EndProjectSection
EndProject
Project("{8BC9CEB8-8B4A-11D0-8D11-00A0C91BC942}") = "zpiartik", "batch\zpiartik\zpiartik.vcxproj", "{6A5F11D7-E0A3-46AA-87D9-0C78273F5C8A}"
EndProject
Project("{8BC9CEB8-8B4A-11D0-8D11-00A0C91BC942}") = "zpignart", "batch\zpignart\zpignart.vcxproj", "{6737CA4D-F31D-41EE-AC6E-66C458BF361F}"
EndProject
Project("{2150E333-8FDC-42A3-9474-1A3956D46DE8}") = "VERSION", "VERSION", "{5FFE5927-494C-4C3E-A780-D1782E2D64BC}"
	ProjectSection(SolutionItems) = preProject
		cdm_version.h = cdm_version.h
	EndProjectSection
EndProject
Project("{8BC9CEB8-8B4A-11D0-8D11-00A0C91BC942}") = "srvzdpdruck", "batch\srvzdpdruck\srvzdpdruck.vcxproj", "{579BD6CE-5E2B-4FC1-A3FD-70A960CDA200}"
EndProject
Project("{8BC9CEB8-8B4A-11D0-8D11-00A0C91BC942}") = "zpadglf", "batch\zpadglf\zpadgelf.vcxproj", "{AB885C41-A569-4EE0-9223-2860CADBF80B}"
EndProject
Project("{8BC9CEB8-8B4A-11D0-8D11-00A0C91BC942}") = "zpadgreimp", "batch\zpadgreimp\zpadgreimp.vcxproj", "{A4568DB0-B31F-4E3B-9336-F092624F71B3}"
EndProject
Project("{8BC9CEB8-8B4A-11D0-8D11-00A0C91BC942}") = "zpautidm", "batch\zpautidm\zpautidm.vcxproj", "{591995B6-1F7A-402A-B6E9-B7BB846A7DD6}"
EndProject
Project("{8BC9CEB8-8B4A-11D0-8D11-00A0C91BC942}") = "zpcalcprice", "batch\zpcalcprice\zpcalcprice.vcxproj", "{6BD1838C-640D-4D1A-A318-15A4C14B5500}"
EndProject
Project("{8BC9CEB8-8B4A-11D0-8D11-00A0C91BC942}") = "zpcalcrg", "batch\zpcalcrg\zpcalcrg.vcxproj", "{6BD1838C-640D-4D1A-A318-15A4C14B5553}"
EndProject
Project("{8BC9CEB8-8B4A-11D0-8D11-00A0C91BC942}") = "zpcronpf", "batch\zpcronpf\zpcronpf.vcxproj", "{E296805C-1E87-4823-9A97-2F00EE2526C5}"
EndProject
Project("{8BC9CEB8-8B4A-11D0-8D11-00A0C91BC942}") = "zpdailyclosing", "batch\zpdailyclosing\zpdailyclosing.vcxproj", "{E4809213-0142-4FB3-93C7-C25CC26C9019}"
EndProject
Project("{8BC9CEB8-8B4A-11D0-8D11-00A0C91BC942}") = "zpdatacarelf", "batch\zpdatacarelf\zpdatacarelf.vcxproj", "{54A5CA6A-BD44-4F3E-811C-84D1209A2773}"
EndProject
Project("{8BC9CEB8-8B4A-11D0-8D11-00A0C91BC942}") = "zpdcartik", "batch\zpdcartik\zpdcartik.vcxproj", "{6BD1838C-640D-4D1A-A318-15A4C14B87D5}"
EndProject
Project("{8BC9CEB8-8B4A-11D0-8D11-00A0C91BC942}") = "zpdcgnart", "batch\zpdcgnart\zpdcgnart.vcxproj", "{DE7EE554-909A-472E-953F-F9E853A16775}"
EndProject
Project("{8BC9CEB8-8B4A-11D0-8D11-00A0C91BC942}") = "zpdefpa", "batch\zpdefpa\zpdefpa.vcxproj", "{CDE4E80C-B241-4975-AAC1-2BBCB7905643}"
EndProject
Project("{8BC9CEB8-8B4A-11D0-8D11-00A0C91BC942}") = "zpdrupro", "batch\zpdrupro\zpdrupro.vcxproj", "{33379234-83B5-4CF3-AFAD-E5B4677F3352}"
EndProject
Project("{8BC9CEB8-8B4A-11D0-8D11-00A0C91BC942}") = "zpifalf", "batch\zpifalf\zpifalf.vcxproj", "{F5BE0011-7C40-4345-8114-EDEA896BAD8E}"
EndProject
Project("{8BC9CEB8-8B4A-11D0-8D11-00A0C91BC942}") = "zpifestb", "batch\zpifestb\zpifestb.vcxproj", "{A2C7FCD6-D1FA-4994-9065-99971B8F946A}"
EndProject
Project("{8BC9CEB8-8B4A-11D0-8D11-00A0C91BC942}") = "zpiherst", "batch\zpiherst\zpiherst.vcxproj", "{2796FA50-8157-4B0E-88CB-BA449B07BE97}"
EndProject
Project("{8BC9CEB8-8B4A-11D0-8D11-00A0C91BC942}") = "zpimswgr", "batch\zpimswgr\zpimswgr.vcxproj", "{402552EC-50B3-42D4-B917-A95CD8ED7864}"
EndProject
Project("{8BC9CEB8-8B4A-11D0-8D11-00A0C91BC942}") = "zpisichg", "batch\zpisichg\zpisichg.vcxproj", "{223C756A-628D-47F0-83F8-AF06C1F64D79}"
EndProject
Project("{8BC9CEB8-8B4A-11D0-8D11-00A0C91BC942}") = "zpisiclf", "batch\zpisiclf\zpisiclf.vcxproj", "{6AAB52D0-DE06-46FB-92EC-E86BE7D9A404}"
EndProject
Project("{8BC9CEB8-8B4A-11D0-8D11-00A0C91BC942}") = "zplfzart", "batch\zplfzart\zplfzart.vcxproj", "{579BD6CE-5E2B-4FC1-A3FD-70A960CDA2CC}"
EndProject
Project("{8BC9CEB8-8B4A-11D0-8D11-00A0C91BC942}") = "zpliartik", "batch\zpliartik\zpliartik.vcxproj", "{6BD1838C-640D-4D1A-A318-15A4C14B87E6}"
EndProject
Project("{8BC9CEB8-8B4A-11D0-8D11-00A0C91BC942}") = "zplieums", "batch\zplieums\zplieums.vcxproj", "{2F7AFEFF-A6E7-4C48-B53B-C2227EE8F9B5}"
EndProject
Project("{8BC9CEB8-8B4A-11D0-8D11-00A0C91BC942}") = "zplignart", "batch\zplignart\zplignart.vcxproj", "{6737CA4D-F31D-41EE-AC6E-66C458BF362E}"
EndProject
Project("{8BC9CEB8-8B4A-11D0-8D11-00A0C91BC942}") = "zplilf", "batch\zplilf\zplilf.vcxproj", "{6E992D09-BD84-4299-8CF8-36DAE90962FC}"
EndProject
Project("{8BC9CEB8-8B4A-11D0-8D11-00A0C91BC942}") = "zpmasaen", "batch\zpmasaen\zpmasaen.vcxproj", "{E4809213-0142-4FB3-93C7-C25CC26C9008}"
EndProject
Project("{8BC9CEB8-8B4A-11D0-8D11-00A0C91BC942}") = "zpprotok", "batch\zpprotok\zpprotok.vcxproj", "{1D6477C7-BF2E-4E42-B44E-F3101362A1D0}"
EndProject
Project("{8BC9CEB8-8B4A-11D0-8D11-00A0C91BC942}") = "zppwartik", "batch\zppwartik\zppwartik.vcxproj", "{579BD6CE-5E2B-4FC1-A3FD-70A960CDA2DD}"
EndProject
Project("{8BC9CEB8-8B4A-11D0-8D11-00A0C91BC942}") = "zpumldir", "batch\zpumldir\zpumldir.vcxproj", "{422823D6-4CE7-4684-B36C-A32931AEDC0C}"
EndProject
Project("{8BC9CEB8-8B4A-11D0-8D11-00A0C91BC942}") = "zputil", "batch\zputil\zputil.vcxproj", "{E56DB7F3-9C4B-45DF-BF4F-E97900E58A18}"
EndProject
Project("{8BC9CEB8-8B4A-11D0-8D11-00A0C91BC942}") = "zpldcust", "batch\zpldcust\zpldcust\zpldcust.vcxproj", "{C0CEEA06-9F22-4A75-A3A0-7B0CD0A2CB30}"
EndProject
Project("{8BC9CEB8-8B4A-11D0-8D11-00A0C91BC942}") = "ibtrelevantcalculator", "batch\ibtrelevantcalculator\ibtrelevantcalculator\ibtrelevantcalculator.vcxproj", "{36BC40CE-6CC0-1014-8F49-AA9E5588203F}"
EndProject
Project("{8BC9CEB8-8B4A-11D0-8D11-00A0C91BC942}") = "mainwarehousearticlesrelevantcalculator", "batch\mainwarehousearticlesrelevantcalculator\mainwarehousearticlesrelevantcalculator\mainwarehousearticlesrelevantcalculator.vcxproj", "{DDA3B7B5-6BF8-1014-889A-F33741A31375}"
EndProject
Project("{2150E333-8FDC-42A3-9474-1A3956D46DE8}") = "tpulzp", "tpulzp", "{91CD40F8-1833-429A-9E59-8FAFB9245358}"
EndProject
Project("{8BC9CEB8-8B4A-11D0-8D11-00A0C91BC942}") = "tpulzentpfl", "tpulzp\tpulzentpfl\tpulzentpfl.vcxproj", "{9D51F971-23DF-483C-9D39-BEF0E0FEDD41}"
EndProject
Project("{8BC9CEB8-8B4A-11D0-8D11-00A0C91BC942}") = "tpulzpbulgaria", "tpulzp\tpulzpbulgaria\tpulzpbulgaria.vcxproj", "{C95991E3-0A58-4E52-9D7C-96687B8BFCF6}"
EndProject
Project("{8BC9CEB8-8B4A-11D0-8D11-00A0C91BC942}") = "tpulzpfrance", "tpulzp\tpulzpfrance\tpulzpfrance.vcxproj", "{3C606E14-D7D0-4F87-860E-7441287DDAD9}"
EndProject
Project("{2150E333-8FDC-42A3-9474-1A3956D46DE8}") = "Solution Items", "Solution Items", "{8507285F-2181-4A09-8C22-3B09FB5E4075}"
	ProjectSection(SolutionItems) = preProject
		makefile = makefile
	EndProjectSection
EndProject
Project("{8BC9CEB8-8B4A-11D0-8D11-00A0C91BC942}") = "exportarticlecalculator", "batch\exportarticlecalculator\exportarticlecalculator\exportarticlecalculator.vcxproj", "{36BC40CE-6CC0-1014-8F49-AA9E55882000}"
EndProject
Project("{8BC9CEB8-8B4A-11D0-8D11-00A0C91BC942}") = "importarticlegenerator", "batch\importarticlegenerator\importarticlegenerator.vcxproj", "{B29EB8C7-939C-4297-8215-11CD5B75F2F5}"
EndProject
Project("{8BC9CEB8-8B4A-11D0-8D11-00A0C91BC942}") = "fmdrelevantcalculator", "batch\fmdrelevantcalculator\fmdrelevantcalculator\fmdrelevantcalculator.vcxproj", "{9EE8FE18-0979-4CD5-9928-0E30683955DD}"
EndProject
Project("{8BC9CEB8-8B4A-11D0-8D11-00A0C91BC942}") = "zpagpgnart", "batch\zpagpgnart\zpagpgnart.vcxproj", "{A35525C0-91A9-4FCD-8F5F-25B9447070E4}"
EndProject
Project("{8BC9CEB8-8B4A-11D0-8D11-00A0C91BC942}") = "importpricelist", "batch\importpricelist\importpricelist\importpricelist.vcxproj", "{BB1EA7E1-0525-4ECD-A5D2-78D407FB82F3}"
EndProject
Project("{2150E333-8FDC-42A3-9474-1A3956D46DE8}") = "test", "test", "{74F177D0-230B-434F-9991-DD763B3431E6}"
EndProject
Project("{8BC9CEB8-8B4A-11D0-8D11-00A0C91BC942}") = "test_importpricelist", "test\batch\importpricelist\test_importpricelist\test_importpricelist.vcxproj", "{1A9143A4-B802-4807-B8E6-1FF7ECF46DA9}"
	ProjectSection(ProjectDependencies) = postProject
		{97C9D71C-D670-4BB4-9865-1967EC51D961} = {97C9D71C-D670-4BB4-9865-1967EC51D961}
		{BB1EA7E1-0525-4ECD-A5D2-78D407FB82F3} = {BB1EA7E1-0525-4ECD-A5D2-78D407FB82F3}
	EndProjectSection
EndProject
Project("{8BC9CEB8-8B4A-11D0-8D11-00A0C91BC942}") = "libtestutils", "test\batch\libtestutils\libtestutils.vcxproj", "{97C9D71C-D670-4BB4-9865-1967EC51D961}"
EndProject
Project("{8BC9CEB8-8B4A-11D0-8D11-00A0C91BC942}") = "importocp", "batch\importocp\importocp.vcxproj", "{79A757E2-8E67-4982-B387-A7DD17EB8296}"
EndProject
Project("{8BC9CEB8-8B4A-11D0-8D11-00A0C91BC942}") = "subsequentdeliveryrelevantcalculator", "batch\subsequentdeliveryrelevantcalculator\subsequentdeliveryrelevantcalculator\subsequentdeliveryrelevantcalculator.vcxproj", "{AA63294B-9635-4D29-9268-59581157C66F}"
EndProject
Project("{8BC9CEB8-8B4A-11D0-8D11-00A0C91BC942}") = "importmedreg", "batch\importmedreg\importmedreg.vcxproj", "{22B123AF-91D0-495A-9259-E9BACD1A7F88}"
EndProject
Project("{8BC9CEB8-8B4A-11D0-8D11-00A0C91BC942}") = "zpexpensv", "batch\zpexpensv\zpexpensv.vcxproj", "{B3100679-5DC4-419C-A154-7AEA8446B567}"
EndProject
Project("{2150E333-8FDC-42A3-9474-1A3956D46DE8}") = "multilang", "multilang", "{CB025597-D590-433E-A0FA-5C0A2C146C02}"
	ProjectSection(SolutionItems) = preProject
		EkZdp\translation\BG\ekzdp_bg.txt = EkZdp\translation\BG\ekzdp_bg.txt
		EkZdp\translation\FR\ekzdp_fr.txt = EkZdp\translation\FR\ekzdp_fr.txt
		EkZdp\translation\HR\ekzdp_hr.txt = EkZdp\translation\HR\ekzdp_hr.txt
	EndProjectSection
EndProject
Project("{8BC9CEB8-8B4A-11D0-8D11-00A0C91BC942}") = "zpconsig", "batch\zpconsig\zpconsig.vcxproj", "{E6B31CA0-BAA9-4DA0-879D-160BAD2490C7}"
EndProject
Global
	GlobalSection(SolutionConfigurationPlatforms) = preSolution
		Debug|Win32 = Debug|Win32
		Debug|x64 = Debug|x64
		Release|Win32 = Release|Win32
		Release|x64 = Release|x64
		x64|Win32 = x64|Win32
		x64|x64 = x64|x64
	EndGlobalSection
	GlobalSection(ProjectConfigurationPlatforms) = postSolution
		{72E9CEF6-4521-4904-8BF7-F43AD23CC84C}.Debug|Win32.ActiveCfg = Debug|Win32
		{72E9CEF6-4521-4904-8BF7-F43AD23CC84C}.Debug|Win32.Build.0 = Debug|Win32
		{72E9CEF6-4521-4904-8BF7-F43AD23CC84C}.Debug|x64.ActiveCfg = Debug|x64
		{72E9CEF6-4521-4904-8BF7-F43AD23CC84C}.Debug|x64.Build.0 = Debug|x64
		{72E9CEF6-4521-4904-8BF7-F43AD23CC84C}.Release|Win32.ActiveCfg = Release|Win32
		{72E9CEF6-4521-4904-8BF7-F43AD23CC84C}.Release|Win32.Build.0 = Release|Win32
		{72E9CEF6-4521-4904-8BF7-F43AD23CC84C}.Release|x64.ActiveCfg = Release|x64
		{72E9CEF6-4521-4904-8BF7-F43AD23CC84C}.Release|x64.Build.0 = Release|x64
		{72E9CEF6-4521-4904-8BF7-F43AD23CC84C}.x64|Win32.ActiveCfg = x64|Win32
		{72E9CEF6-4521-4904-8BF7-F43AD23CC84C}.x64|Win32.Build.0 = x64|Win32
		{72E9CEF6-4521-4904-8BF7-F43AD23CC84C}.x64|x64.ActiveCfg = x64|x64
		{72E9CEF6-4521-4904-8BF7-F43AD23CC84C}.x64|x64.Build.0 = x64|x64
		{18FD35B3-59FC-F1C6-60EB-A29334B5A757}.Debug|Win32.ActiveCfg = Debug|Win32
		{18FD35B3-59FC-F1C6-60EB-A29334B5A757}.Debug|Win32.Build.0 = Debug|Win32
		{18FD35B3-59FC-F1C6-60EB-A29334B5A757}.Debug|x64.ActiveCfg = Debug|x64
		{18FD35B3-59FC-F1C6-60EB-A29334B5A757}.Debug|x64.Build.0 = Debug|x64
		{18FD35B3-59FC-F1C6-60EB-A29334B5A757}.Release|Win32.ActiveCfg = Release|Win32
		{18FD35B3-59FC-F1C6-60EB-A29334B5A757}.Release|Win32.Build.0 = Release|Win32
		{18FD35B3-59FC-F1C6-60EB-A29334B5A757}.Release|x64.ActiveCfg = Release|x64
		{18FD35B3-59FC-F1C6-60EB-A29334B5A757}.Release|x64.Build.0 = Release|x64
		{18FD35B3-59FC-F1C6-60EB-A29334B5A757}.x64|Win32.ActiveCfg = x64|Win32
		{18FD35B3-59FC-F1C6-60EB-A29334B5A757}.x64|Win32.Build.0 = x64|Win32
		{18FD35B3-59FC-F1C6-60EB-A29334B5A757}.x64|x64.ActiveCfg = x64|x64
		{18FD35B3-59FC-F1C6-60EB-A29334B5A757}.x64|x64.Build.0 = x64|x64
		{9E4E83F2-12B6-9C76-CCE5-4C66C1493D77}.Debug|Win32.ActiveCfg = Debug|Win32
		{9E4E83F2-12B6-9C76-CCE5-4C66C1493D77}.Debug|Win32.Build.0 = Debug|Win32
		{9E4E83F2-12B6-9C76-CCE5-4C66C1493D77}.Debug|x64.ActiveCfg = Debug|x64
		{9E4E83F2-12B6-9C76-CCE5-4C66C1493D77}.Debug|x64.Build.0 = Debug|x64
		{9E4E83F2-12B6-9C76-CCE5-4C66C1493D77}.Release|Win32.ActiveCfg = Release|Win32
		{9E4E83F2-12B6-9C76-CCE5-4C66C1493D77}.Release|Win32.Build.0 = Release|Win32
		{9E4E83F2-12B6-9C76-CCE5-4C66C1493D77}.Release|x64.ActiveCfg = Release|x64
		{9E4E83F2-12B6-9C76-CCE5-4C66C1493D77}.Release|x64.Build.0 = Release|x64
		{9E4E83F2-12B6-9C76-CCE5-4C66C1493D77}.x64|Win32.ActiveCfg = x64|Win32
		{9E4E83F2-12B6-9C76-CCE5-4C66C1493D77}.x64|Win32.Build.0 = x64|Win32
		{9E4E83F2-12B6-9C76-CCE5-4C66C1493D77}.x64|x64.ActiveCfg = x64|x64
		{9E4E83F2-12B6-9C76-CCE5-4C66C1493D77}.x64|x64.Build.0 = x64|x64
		{6A5F11D7-E0A3-46AA-87D9-0C78273F5C8A}.Debug|Win32.ActiveCfg = Debug|Win32
		{6A5F11D7-E0A3-46AA-87D9-0C78273F5C8A}.Debug|Win32.Build.0 = Debug|Win32
		{6A5F11D7-E0A3-46AA-87D9-0C78273F5C8A}.Debug|x64.ActiveCfg = Debug|x64
		{6A5F11D7-E0A3-46AA-87D9-0C78273F5C8A}.Release|Win32.ActiveCfg = Release|Win32
		{6A5F11D7-E0A3-46AA-87D9-0C78273F5C8A}.Release|Win32.Build.0 = Release|Win32
		{6A5F11D7-E0A3-46AA-87D9-0C78273F5C8A}.Release|x64.ActiveCfg = Release|Win32
		{6A5F11D7-E0A3-46AA-87D9-0C78273F5C8A}.x64|Win32.ActiveCfg = Release|Win32
		{6A5F11D7-E0A3-46AA-87D9-0C78273F5C8A}.x64|Win32.Build.0 = Release|Win32
		{6A5F11D7-E0A3-46AA-87D9-0C78273F5C8A}.x64|x64.ActiveCfg = Release|Win32
		{6A5F11D7-E0A3-46AA-87D9-0C78273F5C8A}.x64|x64.Build.0 = Release|Win32
		{6737CA4D-F31D-41EE-AC6E-66C458BF361F}.Debug|Win32.ActiveCfg = Debug|Win32
		{6737CA4D-F31D-41EE-AC6E-66C458BF361F}.Debug|Win32.Build.0 = Debug|Win32
		{6737CA4D-F31D-41EE-AC6E-66C458BF361F}.Debug|x64.ActiveCfg = Debug|x64
		{6737CA4D-F31D-41EE-AC6E-66C458BF361F}.Release|Win32.ActiveCfg = Release|Win32
		{6737CA4D-F31D-41EE-AC6E-66C458BF361F}.Release|Win32.Build.0 = Release|Win32
		{6737CA4D-F31D-41EE-AC6E-66C458BF361F}.Release|x64.ActiveCfg = Release|Win32
		{6737CA4D-F31D-41EE-AC6E-66C458BF361F}.x64|Win32.ActiveCfg = Release|Win32
		{6737CA4D-F31D-41EE-AC6E-66C458BF361F}.x64|Win32.Build.0 = Release|Win32
		{6737CA4D-F31D-41EE-AC6E-66C458BF361F}.x64|x64.ActiveCfg = Release|Win32
		{6737CA4D-F31D-41EE-AC6E-66C458BF361F}.x64|x64.Build.0 = Release|Win32
		{579BD6CE-5E2B-4FC1-A3FD-70A960CDA200}.Debug|Win32.ActiveCfg = Debug|Win32
		{579BD6CE-5E2B-4FC1-A3FD-70A960CDA200}.Debug|Win32.Build.0 = Debug|Win32
		{579BD6CE-5E2B-4FC1-A3FD-70A960CDA200}.Debug|x64.ActiveCfg = Debug|Win32
		{579BD6CE-5E2B-4FC1-A3FD-70A960CDA200}.Release|Win32.ActiveCfg = Release|Win32
		{579BD6CE-5E2B-4FC1-A3FD-70A960CDA200}.Release|Win32.Build.0 = Release|Win32
		{579BD6CE-5E2B-4FC1-A3FD-70A960CDA200}.Release|x64.ActiveCfg = Release|Win32
		{579BD6CE-5E2B-4FC1-A3FD-70A960CDA200}.x64|Win32.ActiveCfg = Release|Win32
		{579BD6CE-5E2B-4FC1-A3FD-70A960CDA200}.x64|Win32.Build.0 = Release|Win32
		{579BD6CE-5E2B-4FC1-A3FD-70A960CDA200}.x64|x64.ActiveCfg = Release|Win32
		{579BD6CE-5E2B-4FC1-A3FD-70A960CDA200}.x64|x64.Build.0 = Release|Win32
		{AB885C41-A569-4EE0-9223-2860CADBF80B}.Debug|Win32.ActiveCfg = Debug|Win32
		{AB885C41-A569-4EE0-9223-2860CADBF80B}.Debug|Win32.Build.0 = Debug|Win32
		{AB885C41-A569-4EE0-9223-2860CADBF80B}.Debug|x64.ActiveCfg = Debug|Win32
		{AB885C41-A569-4EE0-9223-2860CADBF80B}.Release|Win32.ActiveCfg = Release|Win32
		{AB885C41-A569-4EE0-9223-2860CADBF80B}.Release|Win32.Build.0 = Release|Win32
		{AB885C41-A569-4EE0-9223-2860CADBF80B}.Release|x64.ActiveCfg = Release|Win32
		{AB885C41-A569-4EE0-9223-2860CADBF80B}.x64|Win32.ActiveCfg = Release|Win32
		{AB885C41-A569-4EE0-9223-2860CADBF80B}.x64|Win32.Build.0 = Release|Win32
		{AB885C41-A569-4EE0-9223-2860CADBF80B}.x64|x64.ActiveCfg = Release|Win32
		{AB885C41-A569-4EE0-9223-2860CADBF80B}.x64|x64.Build.0 = Release|Win32
		{A4568DB0-B31F-4E3B-9336-F092624F71B3}.Debug|Win32.ActiveCfg = Debug|Win32
		{A4568DB0-B31F-4E3B-9336-F092624F71B3}.Debug|Win32.Build.0 = Debug|Win32
		{A4568DB0-B31F-4E3B-9336-F092624F71B3}.Debug|x64.ActiveCfg = Debug|Win32
		{A4568DB0-B31F-4E3B-9336-F092624F71B3}.Release|Win32.ActiveCfg = Release|Win32
		{A4568DB0-B31F-4E3B-9336-F092624F71B3}.Release|Win32.Build.0 = Release|Win32
		{A4568DB0-B31F-4E3B-9336-F092624F71B3}.Release|x64.ActiveCfg = Release|Win32
		{A4568DB0-B31F-4E3B-9336-F092624F71B3}.x64|Win32.ActiveCfg = Release|Win32
		{A4568DB0-B31F-4E3B-9336-F092624F71B3}.x64|Win32.Build.0 = Release|Win32
		{A4568DB0-B31F-4E3B-9336-F092624F71B3}.x64|x64.ActiveCfg = Release|Win32
		{A4568DB0-B31F-4E3B-9336-F092624F71B3}.x64|x64.Build.0 = Release|Win32
		{591995B6-1F7A-402A-B6E9-B7BB846A7DD6}.Debug|Win32.ActiveCfg = Debug|Win32
		{591995B6-1F7A-402A-B6E9-B7BB846A7DD6}.Debug|Win32.Build.0 = Debug|Win32
		{591995B6-1F7A-402A-B6E9-B7BB846A7DD6}.Debug|x64.ActiveCfg = Debug|Win32
		{591995B6-1F7A-402A-B6E9-B7BB846A7DD6}.Release|Win32.ActiveCfg = Release|Win32
		{591995B6-1F7A-402A-B6E9-B7BB846A7DD6}.Release|Win32.Build.0 = Release|Win32
		{591995B6-1F7A-402A-B6E9-B7BB846A7DD6}.Release|x64.ActiveCfg = Release|Win32
		{591995B6-1F7A-402A-B6E9-B7BB846A7DD6}.x64|Win32.ActiveCfg = Release|Win32
		{591995B6-1F7A-402A-B6E9-B7BB846A7DD6}.x64|Win32.Build.0 = Release|Win32
		{591995B6-1F7A-402A-B6E9-B7BB846A7DD6}.x64|x64.ActiveCfg = Release|Win32
		{591995B6-1F7A-402A-B6E9-B7BB846A7DD6}.x64|x64.Build.0 = Release|Win32
		{6BD1838C-640D-4D1A-A318-15A4C14B5500}.Debug|Win32.ActiveCfg = Debug|Win32
		{6BD1838C-640D-4D1A-A318-15A4C14B5500}.Debug|Win32.Build.0 = Debug|Win32
		{6BD1838C-640D-4D1A-A318-15A4C14B5500}.Debug|x64.ActiveCfg = Debug|x64
		{6BD1838C-640D-4D1A-A318-15A4C14B5500}.Release|Win32.ActiveCfg = Release|Win32
		{6BD1838C-640D-4D1A-A318-15A4C14B5500}.Release|Win32.Build.0 = Release|Win32
		{6BD1838C-640D-4D1A-A318-15A4C14B5500}.Release|x64.ActiveCfg = Release|Win32
		{6BD1838C-640D-4D1A-A318-15A4C14B5500}.x64|Win32.ActiveCfg = Release|Win32
		{6BD1838C-640D-4D1A-A318-15A4C14B5500}.x64|Win32.Build.0 = Release|Win32
		{6BD1838C-640D-4D1A-A318-15A4C14B5500}.x64|x64.ActiveCfg = Release|Win32
		{6BD1838C-640D-4D1A-A318-15A4C14B5500}.x64|x64.Build.0 = Release|Win32
		{6BD1838C-640D-4D1A-A318-15A4C14B5553}.Debug|Win32.ActiveCfg = Debug|Win32
		{6BD1838C-640D-4D1A-A318-15A4C14B5553}.Debug|Win32.Build.0 = Debug|Win32
		{6BD1838C-640D-4D1A-A318-15A4C14B5553}.Debug|x64.ActiveCfg = Debug|Win32
		{6BD1838C-640D-4D1A-A318-15A4C14B5553}.Release|Win32.ActiveCfg = Release|Win32
		{6BD1838C-640D-4D1A-A318-15A4C14B5553}.Release|Win32.Build.0 = Release|Win32
		{6BD1838C-640D-4D1A-A318-15A4C14B5553}.Release|x64.ActiveCfg = Release|Win32
		{6BD1838C-640D-4D1A-A318-15A4C14B5553}.x64|Win32.ActiveCfg = Release|Win32
		{6BD1838C-640D-4D1A-A318-15A4C14B5553}.x64|Win32.Build.0 = Release|Win32
		{6BD1838C-640D-4D1A-A318-15A4C14B5553}.x64|x64.ActiveCfg = Release|Win32
		{6BD1838C-640D-4D1A-A318-15A4C14B5553}.x64|x64.Build.0 = Release|Win32
		{E296805C-1E87-4823-9A97-2F00EE2526C5}.Debug|Win32.ActiveCfg = Debug|Win32
		{E296805C-1E87-4823-9A97-2F00EE2526C5}.Debug|Win32.Build.0 = Debug|Win32
		{E296805C-1E87-4823-9A97-2F00EE2526C5}.Debug|x64.ActiveCfg = Debug|Win32
		{E296805C-1E87-4823-9A97-2F00EE2526C5}.Release|Win32.ActiveCfg = Release|Win32
		{E296805C-1E87-4823-9A97-2F00EE2526C5}.Release|Win32.Build.0 = Release|Win32
		{E296805C-1E87-4823-9A97-2F00EE2526C5}.Release|x64.ActiveCfg = Release|Win32
		{E296805C-1E87-4823-9A97-2F00EE2526C5}.x64|Win32.ActiveCfg = Release|Win32
		{E296805C-1E87-4823-9A97-2F00EE2526C5}.x64|Win32.Build.0 = Release|Win32
		{E296805C-1E87-4823-9A97-2F00EE2526C5}.x64|x64.ActiveCfg = Release|Win32
		{E296805C-1E87-4823-9A97-2F00EE2526C5}.x64|x64.Build.0 = Release|Win32
		{E4809213-0142-4FB3-93C7-C25CC26C9019}.Debug|Win32.ActiveCfg = Debug|Win32
		{E4809213-0142-4FB3-93C7-C25CC26C9019}.Debug|Win32.Build.0 = Debug|Win32
		{E4809213-0142-4FB3-93C7-C25CC26C9019}.Debug|x64.ActiveCfg = Debug|Win32
		{E4809213-0142-4FB3-93C7-C25CC26C9019}.Release|Win32.ActiveCfg = Release|Win32
		{E4809213-0142-4FB3-93C7-C25CC26C9019}.Release|Win32.Build.0 = Release|Win32
		{E4809213-0142-4FB3-93C7-C25CC26C9019}.Release|x64.ActiveCfg = Release|Win32
		{E4809213-0142-4FB3-93C7-C25CC26C9019}.x64|Win32.ActiveCfg = Release|Win32
		{E4809213-0142-4FB3-93C7-C25CC26C9019}.x64|Win32.Build.0 = Release|Win32
		{E4809213-0142-4FB3-93C7-C25CC26C9019}.x64|x64.ActiveCfg = Release|Win32
		{E4809213-0142-4FB3-93C7-C25CC26C9019}.x64|x64.Build.0 = Release|Win32
		{54A5CA6A-BD44-4F3E-811C-84D1209A2773}.Debug|Win32.ActiveCfg = Debug|Win32
		{54A5CA6A-BD44-4F3E-811C-84D1209A2773}.Debug|Win32.Build.0 = Debug|Win32
		{54A5CA6A-BD44-4F3E-811C-84D1209A2773}.Debug|x64.ActiveCfg = Debug|x64
		{54A5CA6A-BD44-4F3E-811C-84D1209A2773}.Release|Win32.ActiveCfg = Release|Win32
		{54A5CA6A-BD44-4F3E-811C-84D1209A2773}.Release|Win32.Build.0 = Release|Win32
		{54A5CA6A-BD44-4F3E-811C-84D1209A2773}.Release|x64.ActiveCfg = Release|Win32
		{54A5CA6A-BD44-4F3E-811C-84D1209A2773}.x64|Win32.ActiveCfg = Release|Win32
		{54A5CA6A-BD44-4F3E-811C-84D1209A2773}.x64|Win32.Build.0 = Release|Win32
		{54A5CA6A-BD44-4F3E-811C-84D1209A2773}.x64|x64.ActiveCfg = Release|Win32
		{54A5CA6A-BD44-4F3E-811C-84D1209A2773}.x64|x64.Build.0 = Release|Win32
		{6BD1838C-640D-4D1A-A318-15A4C14B87D5}.Debug|Win32.ActiveCfg = Debug|Win32
		{6BD1838C-640D-4D1A-A318-15A4C14B87D5}.Debug|Win32.Build.0 = Debug|Win32
		{6BD1838C-640D-4D1A-A318-15A4C14B87D5}.Debug|x64.ActiveCfg = Debug|x64
		{6BD1838C-640D-4D1A-A318-15A4C14B87D5}.Release|Win32.ActiveCfg = Release|Win32
		{6BD1838C-640D-4D1A-A318-15A4C14B87D5}.Release|Win32.Build.0 = Release|Win32
		{6BD1838C-640D-4D1A-A318-15A4C14B87D5}.Release|x64.ActiveCfg = Release|Win32
		{6BD1838C-640D-4D1A-A318-15A4C14B87D5}.x64|Win32.ActiveCfg = Release|Win32
		{6BD1838C-640D-4D1A-A318-15A4C14B87D5}.x64|Win32.Build.0 = Release|Win32
		{6BD1838C-640D-4D1A-A318-15A4C14B87D5}.x64|x64.ActiveCfg = Release|Win32
		{6BD1838C-640D-4D1A-A318-15A4C14B87D5}.x64|x64.Build.0 = Release|Win32
		{DE7EE554-909A-472E-953F-F9E853A16775}.Debug|Win32.ActiveCfg = Debug|Win32
		{DE7EE554-909A-472E-953F-F9E853A16775}.Debug|Win32.Build.0 = Debug|Win32
		{DE7EE554-909A-472E-953F-F9E853A16775}.Debug|x64.ActiveCfg = Debug|x64
		{DE7EE554-909A-472E-953F-F9E853A16775}.Release|Win32.ActiveCfg = Release|Win32
		{DE7EE554-909A-472E-953F-F9E853A16775}.Release|Win32.Build.0 = Release|Win32
		{DE7EE554-909A-472E-953F-F9E853A16775}.Release|x64.ActiveCfg = Release|Win32
		{DE7EE554-909A-472E-953F-F9E853A16775}.x64|Win32.ActiveCfg = Release|Win32
		{DE7EE554-909A-472E-953F-F9E853A16775}.x64|Win32.Build.0 = Release|Win32
		{DE7EE554-909A-472E-953F-F9E853A16775}.x64|x64.ActiveCfg = Release|Win32
		{DE7EE554-909A-472E-953F-F9E853A16775}.x64|x64.Build.0 = Release|Win32
		{CDE4E80C-B241-4975-AAC1-2BBCB7905643}.Debug|Win32.ActiveCfg = Debug|Win32
		{CDE4E80C-B241-4975-AAC1-2BBCB7905643}.Debug|Win32.Build.0 = Debug|Win32
		{CDE4E80C-B241-4975-AAC1-2BBCB7905643}.Debug|x64.ActiveCfg = Debug|Win32
		{CDE4E80C-B241-4975-AAC1-2BBCB7905643}.Release|Win32.ActiveCfg = Release|Win32
		{CDE4E80C-B241-4975-AAC1-2BBCB7905643}.Release|Win32.Build.0 = Release|Win32
		{CDE4E80C-B241-4975-AAC1-2BBCB7905643}.Release|x64.ActiveCfg = Release|Win32
		{CDE4E80C-B241-4975-AAC1-2BBCB7905643}.x64|Win32.ActiveCfg = Release|Win32
		{CDE4E80C-B241-4975-AAC1-2BBCB7905643}.x64|Win32.Build.0 = Release|Win32
		{CDE4E80C-B241-4975-AAC1-2BBCB7905643}.x64|x64.ActiveCfg = Release|Win32
		{CDE4E80C-B241-4975-AAC1-2BBCB7905643}.x64|x64.Build.0 = Release|Win32
		{33379234-83B5-4CF3-AFAD-E5B4677F3352}.Debug|Win32.ActiveCfg = Debug|Win32
		{33379234-83B5-4CF3-AFAD-E5B4677F3352}.Debug|Win32.Build.0 = Debug|Win32
		{33379234-83B5-4CF3-AFAD-E5B4677F3352}.Debug|x64.ActiveCfg = Debug|Win32
		{33379234-83B5-4CF3-AFAD-E5B4677F3352}.Release|Win32.ActiveCfg = Release|Win32
		{33379234-83B5-4CF3-AFAD-E5B4677F3352}.Release|Win32.Build.0 = Release|Win32
		{33379234-83B5-4CF3-AFAD-E5B4677F3352}.Release|x64.ActiveCfg = Release|Win32
		{33379234-83B5-4CF3-AFAD-E5B4677F3352}.x64|Win32.ActiveCfg = Release|Win32
		{33379234-83B5-4CF3-AFAD-E5B4677F3352}.x64|Win32.Build.0 = Release|Win32
		{33379234-83B5-4CF3-AFAD-E5B4677F3352}.x64|x64.ActiveCfg = Release|Win32
		{33379234-83B5-4CF3-AFAD-E5B4677F3352}.x64|x64.Build.0 = Release|Win32
		{F5BE0011-7C40-4345-8114-EDEA896BAD8E}.Debug|Win32.ActiveCfg = Debug|Win32
		{F5BE0011-7C40-4345-8114-EDEA896BAD8E}.Debug|Win32.Build.0 = Debug|Win32
		{F5BE0011-7C40-4345-8114-EDEA896BAD8E}.Debug|x64.ActiveCfg = Debug|Win32
		{F5BE0011-7C40-4345-8114-EDEA896BAD8E}.Release|Win32.ActiveCfg = Release|Win32
		{F5BE0011-7C40-4345-8114-EDEA896BAD8E}.Release|Win32.Build.0 = Release|Win32
		{F5BE0011-7C40-4345-8114-EDEA896BAD8E}.Release|x64.ActiveCfg = Release|Win32
		{F5BE0011-7C40-4345-8114-EDEA896BAD8E}.x64|Win32.ActiveCfg = Release|Win32
		{F5BE0011-7C40-4345-8114-EDEA896BAD8E}.x64|Win32.Build.0 = Release|Win32
		{F5BE0011-7C40-4345-8114-EDEA896BAD8E}.x64|x64.ActiveCfg = Release|Win32
		{F5BE0011-7C40-4345-8114-EDEA896BAD8E}.x64|x64.Build.0 = Release|Win32
		{A2C7FCD6-D1FA-4994-9065-99971B8F946A}.Debug|Win32.ActiveCfg = Debug|Win32
		{A2C7FCD6-D1FA-4994-9065-99971B8F946A}.Debug|Win32.Build.0 = Debug|Win32
		{A2C7FCD6-D1FA-4994-9065-99971B8F946A}.Debug|x64.ActiveCfg = Debug|Win32
		{A2C7FCD6-D1FA-4994-9065-99971B8F946A}.Release|Win32.ActiveCfg = Release|Win32
		{A2C7FCD6-D1FA-4994-9065-99971B8F946A}.Release|Win32.Build.0 = Release|Win32
		{A2C7FCD6-D1FA-4994-9065-99971B8F946A}.Release|x64.ActiveCfg = Release|Win32
		{A2C7FCD6-D1FA-4994-9065-99971B8F946A}.x64|Win32.ActiveCfg = Release|Win32
		{A2C7FCD6-D1FA-4994-9065-99971B8F946A}.x64|Win32.Build.0 = Release|Win32
		{A2C7FCD6-D1FA-4994-9065-99971B8F946A}.x64|x64.ActiveCfg = Release|Win32
		{A2C7FCD6-D1FA-4994-9065-99971B8F946A}.x64|x64.Build.0 = Release|Win32
		{2796FA50-8157-4B0E-88CB-BA449B07BE97}.Debug|Win32.ActiveCfg = Debug|Win32
		{2796FA50-8157-4B0E-88CB-BA449B07BE97}.Debug|Win32.Build.0 = Debug|Win32
		{2796FA50-8157-4B0E-88CB-BA449B07BE97}.Debug|x64.ActiveCfg = Debug|Win32
		{2796FA50-8157-4B0E-88CB-BA449B07BE97}.Release|Win32.ActiveCfg = Release|Win32
		{2796FA50-8157-4B0E-88CB-BA449B07BE97}.Release|Win32.Build.0 = Release|Win32
		{2796FA50-8157-4B0E-88CB-BA449B07BE97}.Release|x64.ActiveCfg = Release|Win32
		{2796FA50-8157-4B0E-88CB-BA449B07BE97}.x64|Win32.ActiveCfg = Release|Win32
		{2796FA50-8157-4B0E-88CB-BA449B07BE97}.x64|Win32.Build.0 = Release|Win32
		{2796FA50-8157-4B0E-88CB-BA449B07BE97}.x64|x64.ActiveCfg = Release|Win32
		{2796FA50-8157-4B0E-88CB-BA449B07BE97}.x64|x64.Build.0 = Release|Win32
		{402552EC-50B3-42D4-B917-A95CD8ED7864}.Debug|Win32.ActiveCfg = Debug|Win32
		{402552EC-50B3-42D4-B917-A95CD8ED7864}.Debug|Win32.Build.0 = Debug|Win32
		{402552EC-50B3-42D4-B917-A95CD8ED7864}.Debug|x64.ActiveCfg = Debug|Win32
		{402552EC-50B3-42D4-B917-A95CD8ED7864}.Release|Win32.ActiveCfg = Release|Win32
		{402552EC-50B3-42D4-B917-A95CD8ED7864}.Release|Win32.Build.0 = Release|Win32
		{402552EC-50B3-42D4-B917-A95CD8ED7864}.Release|x64.ActiveCfg = Release|Win32
		{402552EC-50B3-42D4-B917-A95CD8ED7864}.x64|Win32.ActiveCfg = Release|Win32
		{402552EC-50B3-42D4-B917-A95CD8ED7864}.x64|Win32.Build.0 = Release|Win32
		{402552EC-50B3-42D4-B917-A95CD8ED7864}.x64|x64.ActiveCfg = Release|Win32
		{402552EC-50B3-42D4-B917-A95CD8ED7864}.x64|x64.Build.0 = Release|Win32
		{223C756A-628D-47F0-83F8-AF06C1F64D79}.Debug|Win32.ActiveCfg = Debug|Win32
		{223C756A-628D-47F0-83F8-AF06C1F64D79}.Debug|Win32.Build.0 = Debug|Win32
		{223C756A-628D-47F0-83F8-AF06C1F64D79}.Debug|x64.ActiveCfg = Debug|Win32
		{223C756A-628D-47F0-83F8-AF06C1F64D79}.Release|Win32.ActiveCfg = Release|Win32
		{223C756A-628D-47F0-83F8-AF06C1F64D79}.Release|Win32.Build.0 = Release|Win32
		{223C756A-628D-47F0-83F8-AF06C1F64D79}.Release|x64.ActiveCfg = Release|Win32
		{223C756A-628D-47F0-83F8-AF06C1F64D79}.x64|Win32.ActiveCfg = Release|Win32
		{223C756A-628D-47F0-83F8-AF06C1F64D79}.x64|Win32.Build.0 = Release|Win32
		{223C756A-628D-47F0-83F8-AF06C1F64D79}.x64|x64.ActiveCfg = Release|Win32
		{223C756A-628D-47F0-83F8-AF06C1F64D79}.x64|x64.Build.0 = Release|Win32
		{6AAB52D0-DE06-46FB-92EC-E86BE7D9A404}.Debug|Win32.ActiveCfg = Debug|Win32
		{6AAB52D0-DE06-46FB-92EC-E86BE7D9A404}.Debug|Win32.Build.0 = Debug|Win32
		{6AAB52D0-DE06-46FB-92EC-E86BE7D9A404}.Debug|x64.ActiveCfg = Debug|Win32
		{6AAB52D0-DE06-46FB-92EC-E86BE7D9A404}.Release|Win32.ActiveCfg = Release|Win32
		{6AAB52D0-DE06-46FB-92EC-E86BE7D9A404}.Release|Win32.Build.0 = Release|Win32
		{6AAB52D0-DE06-46FB-92EC-E86BE7D9A404}.Release|x64.ActiveCfg = Release|Win32
		{6AAB52D0-DE06-46FB-92EC-E86BE7D9A404}.x64|Win32.ActiveCfg = Release|Win32
		{6AAB52D0-DE06-46FB-92EC-E86BE7D9A404}.x64|Win32.Build.0 = Release|Win32
		{6AAB52D0-DE06-46FB-92EC-E86BE7D9A404}.x64|x64.ActiveCfg = Release|Win32
		{6AAB52D0-DE06-46FB-92EC-E86BE7D9A404}.x64|x64.Build.0 = Release|Win32
		{579BD6CE-5E2B-4FC1-A3FD-70A960CDA2CC}.Debug|Win32.ActiveCfg = Debug|Win32
		{579BD6CE-5E2B-4FC1-A3FD-70A960CDA2CC}.Debug|Win32.Build.0 = Debug|Win32
		{579BD6CE-5E2B-4FC1-A3FD-70A960CDA2CC}.Debug|x64.ActiveCfg = Debug|x64
		{579BD6CE-5E2B-4FC1-A3FD-70A960CDA2CC}.Release|Win32.ActiveCfg = Release|Win32
		{579BD6CE-5E2B-4FC1-A3FD-70A960CDA2CC}.Release|Win32.Build.0 = Release|Win32
		{579BD6CE-5E2B-4FC1-A3FD-70A960CDA2CC}.Release|x64.ActiveCfg = Release|Win32
		{579BD6CE-5E2B-4FC1-A3FD-70A960CDA2CC}.x64|Win32.ActiveCfg = Release|Win32
		{579BD6CE-5E2B-4FC1-A3FD-70A960CDA2CC}.x64|Win32.Build.0 = Release|Win32
		{579BD6CE-5E2B-4FC1-A3FD-70A960CDA2CC}.x64|x64.ActiveCfg = Release|Win32
		{579BD6CE-5E2B-4FC1-A3FD-70A960CDA2CC}.x64|x64.Build.0 = Release|Win32
		{6BD1838C-640D-4D1A-A318-15A4C14B87E6}.Debug|Win32.ActiveCfg = Debug|Win32
		{6BD1838C-640D-4D1A-A318-15A4C14B87E6}.Debug|Win32.Build.0 = Debug|Win32
		{6BD1838C-640D-4D1A-A318-15A4C14B87E6}.Debug|x64.ActiveCfg = Debug|x64
		{6BD1838C-640D-4D1A-A318-15A4C14B87E6}.Release|Win32.ActiveCfg = Release|Win32
		{6BD1838C-640D-4D1A-A318-15A4C14B87E6}.Release|Win32.Build.0 = Release|Win32
		{6BD1838C-640D-4D1A-A318-15A4C14B87E6}.Release|x64.ActiveCfg = Release|Win32
		{6BD1838C-640D-4D1A-A318-15A4C14B87E6}.x64|Win32.ActiveCfg = Release|Win32
		{6BD1838C-640D-4D1A-A318-15A4C14B87E6}.x64|Win32.Build.0 = Release|Win32
		{6BD1838C-640D-4D1A-A318-15A4C14B87E6}.x64|x64.ActiveCfg = Release|Win32
		{6BD1838C-640D-4D1A-A318-15A4C14B87E6}.x64|x64.Build.0 = Release|Win32
		{2F7AFEFF-A6E7-4C48-B53B-C2227EE8F9B5}.Debug|Win32.ActiveCfg = Debug|Win32
		{2F7AFEFF-A6E7-4C48-B53B-C2227EE8F9B5}.Debug|Win32.Build.0 = Debug|Win32
		{2F7AFEFF-A6E7-4C48-B53B-C2227EE8F9B5}.Debug|x64.ActiveCfg = Debug|Win32
		{2F7AFEFF-A6E7-4C48-B53B-C2227EE8F9B5}.Release|Win32.ActiveCfg = Release|Win32
		{2F7AFEFF-A6E7-4C48-B53B-C2227EE8F9B5}.Release|Win32.Build.0 = Release|Win32
		{2F7AFEFF-A6E7-4C48-B53B-C2227EE8F9B5}.Release|x64.ActiveCfg = Release|Win32
		{2F7AFEFF-A6E7-4C48-B53B-C2227EE8F9B5}.x64|Win32.ActiveCfg = Release|Win32
		{2F7AFEFF-A6E7-4C48-B53B-C2227EE8F9B5}.x64|Win32.Build.0 = Release|Win32
		{2F7AFEFF-A6E7-4C48-B53B-C2227EE8F9B5}.x64|x64.ActiveCfg = Release|Win32
		{2F7AFEFF-A6E7-4C48-B53B-C2227EE8F9B5}.x64|x64.Build.0 = Release|Win32
		{6737CA4D-F31D-41EE-AC6E-66C458BF362E}.Debug|Win32.ActiveCfg = Debug|Win32
		{6737CA4D-F31D-41EE-AC6E-66C458BF362E}.Debug|Win32.Build.0 = Debug|Win32
		{6737CA4D-F31D-41EE-AC6E-66C458BF362E}.Debug|x64.ActiveCfg = Debug|x64
		{6737CA4D-F31D-41EE-AC6E-66C458BF362E}.Release|Win32.ActiveCfg = Release|Win32
		{6737CA4D-F31D-41EE-AC6E-66C458BF362E}.Release|Win32.Build.0 = Release|Win32
		{6737CA4D-F31D-41EE-AC6E-66C458BF362E}.Release|x64.ActiveCfg = Release|Win32
		{6737CA4D-F31D-41EE-AC6E-66C458BF362E}.x64|Win32.ActiveCfg = Release|Win32
		{6737CA4D-F31D-41EE-AC6E-66C458BF362E}.x64|Win32.Build.0 = Release|Win32
		{6737CA4D-F31D-41EE-AC6E-66C458BF362E}.x64|x64.ActiveCfg = Release|Win32
		{6737CA4D-F31D-41EE-AC6E-66C458BF362E}.x64|x64.Build.0 = Release|Win32
		{6E992D09-BD84-4299-8CF8-36DAE90962FC}.Debug|Win32.ActiveCfg = Debug|Win32
		{6E992D09-BD84-4299-8CF8-36DAE90962FC}.Debug|Win32.Build.0 = Debug|Win32
		{6E992D09-BD84-4299-8CF8-36DAE90962FC}.Debug|x64.ActiveCfg = Debug|x64
		{6E992D09-BD84-4299-8CF8-36DAE90962FC}.Release|Win32.ActiveCfg = Release|Win32
		{6E992D09-BD84-4299-8CF8-36DAE90962FC}.Release|Win32.Build.0 = Release|Win32
		{6E992D09-BD84-4299-8CF8-36DAE90962FC}.Release|x64.ActiveCfg = Release|Win32
		{6E992D09-BD84-4299-8CF8-36DAE90962FC}.x64|Win32.ActiveCfg = Release|Win32
		{6E992D09-BD84-4299-8CF8-36DAE90962FC}.x64|Win32.Build.0 = Release|Win32
		{6E992D09-BD84-4299-8CF8-36DAE90962FC}.x64|x64.ActiveCfg = Release|Win32
		{6E992D09-BD84-4299-8CF8-36DAE90962FC}.x64|x64.Build.0 = Release|Win32
		{E4809213-0142-4FB3-93C7-C25CC26C9008}.Debug|Win32.ActiveCfg = Debug|Win32
		{E4809213-0142-4FB3-93C7-C25CC26C9008}.Debug|Win32.Build.0 = Debug|Win32
		{E4809213-0142-4FB3-93C7-C25CC26C9008}.Debug|x64.ActiveCfg = Debug|Win32
		{E4809213-0142-4FB3-93C7-C25CC26C9008}.Release|Win32.ActiveCfg = Release|Win32
		{E4809213-0142-4FB3-93C7-C25CC26C9008}.Release|Win32.Build.0 = Release|Win32
		{E4809213-0142-4FB3-93C7-C25CC26C9008}.Release|x64.ActiveCfg = Release|Win32
		{E4809213-0142-4FB3-93C7-C25CC26C9008}.x64|Win32.ActiveCfg = Release|Win32
		{E4809213-0142-4FB3-93C7-C25CC26C9008}.x64|Win32.Build.0 = Release|Win32
		{E4809213-0142-4FB3-93C7-C25CC26C9008}.x64|x64.ActiveCfg = Release|Win32
		{E4809213-0142-4FB3-93C7-C25CC26C9008}.x64|x64.Build.0 = Release|Win32
		{1D6477C7-BF2E-4E42-B44E-F3101362A1D0}.Debug|Win32.ActiveCfg = Debug|Win32
		{1D6477C7-BF2E-4E42-B44E-F3101362A1D0}.Debug|Win32.Build.0 = Debug|Win32
		{1D6477C7-BF2E-4E42-B44E-F3101362A1D0}.Debug|x64.ActiveCfg = Debug|Win32
		{1D6477C7-BF2E-4E42-B44E-F3101362A1D0}.Release|Win32.ActiveCfg = Release|Win32
		{1D6477C7-BF2E-4E42-B44E-F3101362A1D0}.Release|Win32.Build.0 = Release|Win32
		{1D6477C7-BF2E-4E42-B44E-F3101362A1D0}.Release|x64.ActiveCfg = Release|Win32
		{1D6477C7-BF2E-4E42-B44E-F3101362A1D0}.x64|Win32.ActiveCfg = Release|Win32
		{1D6477C7-BF2E-4E42-B44E-F3101362A1D0}.x64|Win32.Build.0 = Release|Win32
		{1D6477C7-BF2E-4E42-B44E-F3101362A1D0}.x64|x64.ActiveCfg = Release|Win32
		{1D6477C7-BF2E-4E42-B44E-F3101362A1D0}.x64|x64.Build.0 = Release|Win32
		{579BD6CE-5E2B-4FC1-A3FD-70A960CDA2DD}.Debug|Win32.ActiveCfg = Debug|Win32
		{579BD6CE-5E2B-4FC1-A3FD-70A960CDA2DD}.Debug|Win32.Build.0 = Debug|Win32
		{579BD6CE-5E2B-4FC1-A3FD-70A960CDA2DD}.Debug|x64.ActiveCfg = Debug|Win32
		{579BD6CE-5E2B-4FC1-A3FD-70A960CDA2DD}.Release|Win32.ActiveCfg = Release|Win32
		{579BD6CE-5E2B-4FC1-A3FD-70A960CDA2DD}.Release|Win32.Build.0 = Release|Win32
		{579BD6CE-5E2B-4FC1-A3FD-70A960CDA2DD}.Release|x64.ActiveCfg = Release|Win32
		{579BD6CE-5E2B-4FC1-A3FD-70A960CDA2DD}.x64|Win32.ActiveCfg = Release|Win32
		{579BD6CE-5E2B-4FC1-A3FD-70A960CDA2DD}.x64|Win32.Build.0 = Release|Win32
		{579BD6CE-5E2B-4FC1-A3FD-70A960CDA2DD}.x64|x64.ActiveCfg = Release|Win32
		{579BD6CE-5E2B-4FC1-A3FD-70A960CDA2DD}.x64|x64.Build.0 = Release|Win32
		{422823D6-4CE7-4684-B36C-A32931AEDC0C}.Debug|Win32.ActiveCfg = Debug|Win32
		{422823D6-4CE7-4684-B36C-A32931AEDC0C}.Debug|Win32.Build.0 = Debug|Win32
		{422823D6-4CE7-4684-B36C-A32931AEDC0C}.Debug|x64.ActiveCfg = Debug|x64
		{422823D6-4CE7-4684-B36C-A32931AEDC0C}.Release|Win32.ActiveCfg = Release|Win32
		{422823D6-4CE7-4684-B36C-A32931AEDC0C}.Release|Win32.Build.0 = Release|Win32
		{422823D6-4CE7-4684-B36C-A32931AEDC0C}.Release|x64.ActiveCfg = Release|Win32
		{422823D6-4CE7-4684-B36C-A32931AEDC0C}.x64|Win32.ActiveCfg = Release|Win32
		{422823D6-4CE7-4684-B36C-A32931AEDC0C}.x64|Win32.Build.0 = Release|Win32
		{422823D6-4CE7-4684-B36C-A32931AEDC0C}.x64|x64.ActiveCfg = Release|Win32
		{422823D6-4CE7-4684-B36C-A32931AEDC0C}.x64|x64.Build.0 = Release|Win32
		{E56DB7F3-9C4B-45DF-BF4F-E97900E58A18}.Debug|Win32.ActiveCfg = Debug|Win32
		{E56DB7F3-9C4B-45DF-BF4F-E97900E58A18}.Debug|Win32.Build.0 = Debug|Win32
		{E56DB7F3-9C4B-45DF-BF4F-E97900E58A18}.Debug|x64.ActiveCfg = Debug|x64
		{E56DB7F3-9C4B-45DF-BF4F-E97900E58A18}.Release|Win32.ActiveCfg = Release|Win32
		{E56DB7F3-9C4B-45DF-BF4F-E97900E58A18}.Release|Win32.Build.0 = Release|Win32
		{E56DB7F3-9C4B-45DF-BF4F-E97900E58A18}.Release|x64.ActiveCfg = Release|Win32
		{E56DB7F3-9C4B-45DF-BF4F-E97900E58A18}.x64|Win32.ActiveCfg = Release|Win32
		{E56DB7F3-9C4B-45DF-BF4F-E97900E58A18}.x64|Win32.Build.0 = Release|Win32
		{E56DB7F3-9C4B-45DF-BF4F-E97900E58A18}.x64|x64.ActiveCfg = Release|Win32
		{E56DB7F3-9C4B-45DF-BF4F-E97900E58A18}.x64|x64.Build.0 = Release|Win32
		{C0CEEA06-9F22-4A75-A3A0-7B0CD0A2CB30}.Debug|Win32.ActiveCfg = Debug|Win32
		{C0CEEA06-9F22-4A75-A3A0-7B0CD0A2CB30}.Debug|Win32.Build.0 = Debug|Win32
		{C0CEEA06-9F22-4A75-A3A0-7B0CD0A2CB30}.Debug|x64.ActiveCfg = Debug|Win32
		{C0CEEA06-9F22-4A75-A3A0-7B0CD0A2CB30}.Release|Win32.ActiveCfg = Release|Win32
		{C0CEEA06-9F22-4A75-A3A0-7B0CD0A2CB30}.Release|Win32.Build.0 = Release|Win32
		{C0CEEA06-9F22-4A75-A3A0-7B0CD0A2CB30}.Release|x64.ActiveCfg = Release|Win32
		{C0CEEA06-9F22-4A75-A3A0-7B0CD0A2CB30}.x64|Win32.ActiveCfg = Template|Win32
		{C0CEEA06-9F22-4A75-A3A0-7B0CD0A2CB30}.x64|Win32.Build.0 = Template|Win32
		{C0CEEA06-9F22-4A75-A3A0-7B0CD0A2CB30}.x64|x64.ActiveCfg = Template|Win32
		{C0CEEA06-9F22-4A75-A3A0-7B0CD0A2CB30}.x64|x64.Build.0 = Template|Win32
		{36BC40CE-6CC0-1014-8F49-AA9E5588203F}.Debug|Win32.ActiveCfg = Debug|Win32
		{36BC40CE-6CC0-1014-8F49-AA9E5588203F}.Debug|Win32.Build.0 = Debug|Win32
		{36BC40CE-6CC0-1014-8F49-AA9E5588203F}.Debug|x64.ActiveCfg = Debug|Win32
		{36BC40CE-6CC0-1014-8F49-AA9E5588203F}.Release|Win32.ActiveCfg = Release|Win32
		{36BC40CE-6CC0-1014-8F49-AA9E5588203F}.Release|Win32.Build.0 = Release|Win32
		{36BC40CE-6CC0-1014-8F49-AA9E5588203F}.Release|x64.ActiveCfg = Release|Win32
		{36BC40CE-6CC0-1014-8F49-AA9E5588203F}.x64|Win32.ActiveCfg = Release|Win32
		{36BC40CE-6CC0-1014-8F49-AA9E5588203F}.x64|Win32.Build.0 = Release|Win32
		{36BC40CE-6CC0-1014-8F49-AA9E5588203F}.x64|x64.ActiveCfg = Release|Win32
		{36BC40CE-6CC0-1014-8F49-AA9E5588203F}.x64|x64.Build.0 = Release|Win32
		{DDA3B7B5-6BF8-1014-889A-F33741A31375}.Debug|Win32.ActiveCfg = Debug|Win32
		{DDA3B7B5-6BF8-1014-889A-F33741A31375}.Debug|Win32.Build.0 = Debug|Win32
		{DDA3B7B5-6BF8-1014-889A-F33741A31375}.Debug|x64.ActiveCfg = Debug|x64
		{DDA3B7B5-6BF8-1014-889A-F33741A31375}.Release|Win32.ActiveCfg = Release|Win32
		{DDA3B7B5-6BF8-1014-889A-F33741A31375}.Release|Win32.Build.0 = Release|Win32
		{DDA3B7B5-6BF8-1014-889A-F33741A31375}.Release|x64.ActiveCfg = Release|Win32
		{DDA3B7B5-6BF8-1014-889A-F33741A31375}.x64|Win32.ActiveCfg = Test|Win32
		{DDA3B7B5-6BF8-1014-889A-F33741A31375}.x64|Win32.Build.0 = Test|Win32
		{DDA3B7B5-6BF8-1014-889A-F33741A31375}.x64|x64.ActiveCfg = Test|Win32
		{DDA3B7B5-6BF8-1014-889A-F33741A31375}.x64|x64.Build.0 = Test|Win32
		{9D51F971-23DF-483C-9D39-BEF0E0FEDD41}.Debug|Win32.ActiveCfg = Debug|Win32
		{9D51F971-23DF-483C-9D39-BEF0E0FEDD41}.Debug|x64.ActiveCfg = Debug|Win32
		{9D51F971-23DF-483C-9D39-BEF0E0FEDD41}.Release|Win32.ActiveCfg = Release|Win32
		{9D51F971-23DF-483C-9D39-BEF0E0FEDD41}.Release|x64.ActiveCfg = Release|Win32
		{9D51F971-23DF-483C-9D39-BEF0E0FEDD41}.x64|Win32.ActiveCfg = Release|Win32
		{9D51F971-23DF-483C-9D39-BEF0E0FEDD41}.x64|Win32.Build.0 = Release|Win32
		{9D51F971-23DF-483C-9D39-BEF0E0FEDD41}.x64|x64.ActiveCfg = Release|Win32
		{9D51F971-23DF-483C-9D39-BEF0E0FEDD41}.x64|x64.Build.0 = Release|Win32
		{C95991E3-0A58-4E52-9D7C-96687B8BFCF6}.Debug|Win32.ActiveCfg = Debug|Win32
		{C95991E3-0A58-4E52-9D7C-96687B8BFCF6}.Debug|x64.ActiveCfg = Debug|Win32
		{C95991E3-0A58-4E52-9D7C-96687B8BFCF6}.Release|Win32.ActiveCfg = Release|Win32
		{C95991E3-0A58-4E52-9D7C-96687B8BFCF6}.Release|x64.ActiveCfg = Release|Win32
		{C95991E3-0A58-4E52-9D7C-96687B8BFCF6}.x64|Win32.ActiveCfg = Release|Win32
		{C95991E3-0A58-4E52-9D7C-96687B8BFCF6}.x64|Win32.Build.0 = Release|Win32
		{C95991E3-0A58-4E52-9D7C-96687B8BFCF6}.x64|x64.ActiveCfg = Release|Win32
		{C95991E3-0A58-4E52-9D7C-96687B8BFCF6}.x64|x64.Build.0 = Release|Win32
		{3C606E14-D7D0-4F87-860E-7441287DDAD9}.Debug|Win32.ActiveCfg = Debug|Win32
		{3C606E14-D7D0-4F87-860E-7441287DDAD9}.Debug|x64.ActiveCfg = Debug|Win32
		{3C606E14-D7D0-4F87-860E-7441287DDAD9}.Release|Win32.ActiveCfg = Release|Win32
		{3C606E14-D7D0-4F87-860E-7441287DDAD9}.Release|x64.ActiveCfg = Release|Win32
		{3C606E14-D7D0-4F87-860E-7441287DDAD9}.x64|Win32.ActiveCfg = Release|Win32
		{3C606E14-D7D0-4F87-860E-7441287DDAD9}.x64|Win32.Build.0 = Release|Win32
		{3C606E14-D7D0-4F87-860E-7441287DDAD9}.x64|x64.ActiveCfg = Release|Win32
		{3C606E14-D7D0-4F87-860E-7441287DDAD9}.x64|x64.Build.0 = Release|Win32
		{36BC40CE-6CC0-1014-8F49-AA9E55882000}.Debug|Win32.ActiveCfg = Debug|Win32
		{36BC40CE-6CC0-1014-8F49-AA9E55882000}.Debug|Win32.Build.0 = Debug|Win32
		{36BC40CE-6CC0-1014-8F49-AA9E55882000}.Debug|x64.ActiveCfg = Debug|x64
		{36BC40CE-6CC0-1014-8F49-AA9E55882000}.Release|Win32.ActiveCfg = Release|Win32
		{36BC40CE-6CC0-1014-8F49-AA9E55882000}.Release|Win32.Build.0 = Release|Win32
		{36BC40CE-6CC0-1014-8F49-AA9E55882000}.Release|x64.ActiveCfg = Release|Win32
		{36BC40CE-6CC0-1014-8F49-AA9E55882000}.x64|Win32.ActiveCfg = Release|Win32
		{36BC40CE-6CC0-1014-8F49-AA9E55882000}.x64|Win32.Build.0 = Release|Win32
		{36BC40CE-6CC0-1014-8F49-AA9E55882000}.x64|x64.ActiveCfg = Release|Win32
		{36BC40CE-6CC0-1014-8F49-AA9E55882000}.x64|x64.Build.0 = Release|Win32
		{B29EB8C7-939C-4297-8215-11CD5B75F2F5}.Debug|Win32.ActiveCfg = Debug|Win32
		{B29EB8C7-939C-4297-8215-11CD5B75F2F5}.Debug|Win32.Build.0 = Debug|Win32
		{B29EB8C7-939C-4297-8215-11CD5B75F2F5}.Debug|x64.ActiveCfg = Debug|Win32
		{B29EB8C7-939C-4297-8215-11CD5B75F2F5}.Release|Win32.ActiveCfg = Release|Win32
		{B29EB8C7-939C-4297-8215-11CD5B75F2F5}.Release|Win32.Build.0 = Release|Win32
		{B29EB8C7-939C-4297-8215-11CD5B75F2F5}.Release|x64.ActiveCfg = Release|Win32
		{B29EB8C7-939C-4297-8215-11CD5B75F2F5}.x64|Win32.ActiveCfg = Release|Win32
		{B29EB8C7-939C-4297-8215-11CD5B75F2F5}.x64|Win32.Build.0 = Release|Win32
		{B29EB8C7-939C-4297-8215-11CD5B75F2F5}.x64|x64.ActiveCfg = Release|Win32
		{B29EB8C7-939C-4297-8215-11CD5B75F2F5}.x64|x64.Build.0 = Release|Win32
		{9EE8FE18-0979-4CD5-9928-0E30683955DD}.Debug|Win32.ActiveCfg = Debug|Win32
		{9EE8FE18-0979-4CD5-9928-0E30683955DD}.Debug|Win32.Build.0 = Debug|Win32
		{9EE8FE18-0979-4CD5-9928-0E30683955DD}.Debug|x64.ActiveCfg = Debug|Win32
		{9EE8FE18-0979-4CD5-9928-0E30683955DD}.Release|Win32.ActiveCfg = Release|Win32
		{9EE8FE18-0979-4CD5-9928-0E30683955DD}.Release|Win32.Build.0 = Release|Win32
		{9EE8FE18-0979-4CD5-9928-0E30683955DD}.Release|x64.ActiveCfg = Release|Win32
		{9EE8FE18-0979-4CD5-9928-0E30683955DD}.x64|Win32.ActiveCfg = Release|Win32
		{9EE8FE18-0979-4CD5-9928-0E30683955DD}.x64|Win32.Build.0 = Release|Win32
		{9EE8FE18-0979-4CD5-9928-0E30683955DD}.x64|x64.ActiveCfg = Release|Win32
		{9EE8FE18-0979-4CD5-9928-0E30683955DD}.x64|x64.Build.0 = Release|Win32
		{A35525C0-91A9-4FCD-8F5F-25B9447070E4}.Debug|Win32.ActiveCfg = Debug|Win32
		{A35525C0-91A9-4FCD-8F5F-25B9447070E4}.Debug|Win32.Build.0 = Debug|Win32
		{A35525C0-91A9-4FCD-8F5F-25B9447070E4}.Debug|x64.ActiveCfg = Debug|x64
		{A35525C0-91A9-4FCD-8F5F-25B9447070E4}.Release|Win32.ActiveCfg = Release|Win32
		{A35525C0-91A9-4FCD-8F5F-25B9447070E4}.Release|Win32.Build.0 = Release|Win32
		{A35525C0-91A9-4FCD-8F5F-25B9447070E4}.Release|x64.ActiveCfg = Release|x64
		{A35525C0-91A9-4FCD-8F5F-25B9447070E4}.x64|Win32.ActiveCfg = Release|Win32
		{A35525C0-91A9-4FCD-8F5F-25B9447070E4}.x64|Win32.Build.0 = Release|Win32
		{A35525C0-91A9-4FCD-8F5F-25B9447070E4}.x64|x64.ActiveCfg = Release|x64
		{A35525C0-91A9-4FCD-8F5F-25B9447070E4}.x64|x64.Build.0 = Release|x64
		{BB1EA7E1-0525-4ECD-A5D2-78D407FB82F3}.Debug|Win32.ActiveCfg = Debug|Win32
		{BB1EA7E1-0525-4ECD-A5D2-78D407FB82F3}.Debug|Win32.Build.0 = Debug|Win32
		{BB1EA7E1-0525-4ECD-A5D2-78D407FB82F3}.Debug|x64.ActiveCfg = Debug|x64
		{BB1EA7E1-0525-4ECD-A5D2-78D407FB82F3}.Release|Win32.ActiveCfg = Release|Win32
		{BB1EA7E1-0525-4ECD-A5D2-78D407FB82F3}.Release|Win32.Build.0 = Release|Win32
		{BB1EA7E1-0525-4ECD-A5D2-78D407FB82F3}.Release|x64.ActiveCfg = Release|x64
		{BB1EA7E1-0525-4ECD-A5D2-78D407FB82F3}.x64|Win32.ActiveCfg = Release|Win32
		{BB1EA7E1-0525-4ECD-A5D2-78D407FB82F3}.x64|Win32.Build.0 = Release|Win32
		{BB1EA7E1-0525-4ECD-A5D2-78D407FB82F3}.x64|x64.ActiveCfg = Release|x64
		{BB1EA7E1-0525-4ECD-A5D2-78D407FB82F3}.x64|x64.Build.0 = Release|x64
		{1A9143A4-B802-4807-B8E6-1FF7ECF46DA9}.Debug|Win32.ActiveCfg = Debug|Win32
		{1A9143A4-B802-4807-B8E6-1FF7ECF46DA9}.Debug|Win32.Build.0 = Debug|Win32
		{1A9143A4-B802-4807-B8E6-1FF7ECF46DA9}.Debug|x64.ActiveCfg = Debug|x64
		{1A9143A4-B802-4807-B8E6-1FF7ECF46DA9}.Release|Win32.ActiveCfg = Release|Win32
		{1A9143A4-B802-4807-B8E6-1FF7ECF46DA9}.Release|Win32.Build.0 = Release|Win32
		{1A9143A4-B802-4807-B8E6-1FF7ECF46DA9}.Release|x64.ActiveCfg = Release|x64
		{1A9143A4-B802-4807-B8E6-1FF7ECF46DA9}.x64|Win32.ActiveCfg = Release|Win32
		{1A9143A4-B802-4807-B8E6-1FF7ECF46DA9}.x64|Win32.Build.0 = Release|Win32
		{1A9143A4-B802-4807-B8E6-1FF7ECF46DA9}.x64|x64.ActiveCfg = Release|x64
		{1A9143A4-B802-4807-B8E6-1FF7ECF46DA9}.x64|x64.Build.0 = Release|x64
		{97C9D71C-D670-4BB4-9865-1967EC51D961}.Debug|Win32.ActiveCfg = Debug|Win32
		{97C9D71C-D670-4BB4-9865-1967EC51D961}.Debug|Win32.Build.0 = Debug|Win32
		{97C9D71C-D670-4BB4-9865-1967EC51D961}.Debug|x64.ActiveCfg = Debug|x64
		{97C9D71C-D670-4BB4-9865-1967EC51D961}.Release|Win32.ActiveCfg = Release|Win32
		{97C9D71C-D670-4BB4-9865-1967EC51D961}.Release|Win32.Build.0 = Release|Win32
		{97C9D71C-D670-4BB4-9865-1967EC51D961}.Release|x64.ActiveCfg = Release|x64
		{97C9D71C-D670-4BB4-9865-1967EC51D961}.x64|Win32.ActiveCfg = Release|Win32
		{97C9D71C-D670-4BB4-9865-1967EC51D961}.x64|Win32.Build.0 = Release|Win32
		{97C9D71C-D670-4BB4-9865-1967EC51D961}.x64|x64.ActiveCfg = Release|x64
		{97C9D71C-D670-4BB4-9865-1967EC51D961}.x64|x64.Build.0 = Release|x64
		{79A757E2-8E67-4982-B387-A7DD17EB8296}.Debug|Win32.ActiveCfg = Debug|Win32
		{79A757E2-8E67-4982-B387-A7DD17EB8296}.Debug|Win32.Build.0 = Debug|Win32
		{79A757E2-8E67-4982-B387-A7DD17EB8296}.Debug|x64.ActiveCfg = Debug|x64
		{79A757E2-8E67-4982-B387-A7DD17EB8296}.Release|Win32.ActiveCfg = Release|Win32
		{79A757E2-8E67-4982-B387-A7DD17EB8296}.Release|Win32.Build.0 = Release|Win32
		{79A757E2-8E67-4982-B387-A7DD17EB8296}.Release|x64.ActiveCfg = Release|x64
		{79A757E2-8E67-4982-B387-A7DD17EB8296}.x64|Win32.ActiveCfg = Debug|x64
		{79A757E2-8E67-4982-B387-A7DD17EB8296}.x64|Win32.Build.0 = Debug|x64
		{79A757E2-8E67-4982-B387-A7DD17EB8296}.x64|x64.ActiveCfg = Debug|x64
		{79A757E2-8E67-4982-B387-A7DD17EB8296}.x64|x64.Build.0 = Debug|x64
		{AA63294B-9635-4D29-9268-59581157C66F}.Debug|Win32.ActiveCfg = Debug|Win32
		{AA63294B-9635-4D29-9268-59581157C66F}.Debug|Win32.Build.0 = Debug|Win32
		{AA63294B-9635-4D29-9268-59581157C66F}.Debug|x64.ActiveCfg = Debug|x64
		{AA63294B-9635-4D29-9268-59581157C66F}.Release|Win32.ActiveCfg = Release|Win32
		{AA63294B-9635-4D29-9268-59581157C66F}.Release|Win32.Build.0 = Release|Win32
		{AA63294B-9635-4D29-9268-59581157C66F}.Release|x64.ActiveCfg = Release|x64
		{AA63294B-9635-4D29-9268-59581157C66F}.x64|Win32.ActiveCfg = Debug|Win32
		{AA63294B-9635-4D29-9268-59581157C66F}.x64|Win32.Build.0 = Debug|Win32
		{AA63294B-9635-4D29-9268-59581157C66F}.x64|x64.ActiveCfg = Debug|x64
		{AA63294B-9635-4D29-9268-59581157C66F}.x64|x64.Build.0 = Debug|x64
		{22B123AF-91D0-495A-9259-E9BACD1A7F88}.Debug|Win32.ActiveCfg = Debug|Win32
		{22B123AF-91D0-495A-9259-E9BACD1A7F88}.Debug|Win32.Build.0 = Debug|Win32
		{22B123AF-91D0-495A-9259-E9BACD1A7F88}.Debug|x64.ActiveCfg = Debug|x64
		{22B123AF-91D0-495A-9259-E9BACD1A7F88}.Release|Win32.ActiveCfg = Release|Win32
		{22B123AF-91D0-495A-9259-E9BACD1A7F88}.Release|Win32.Build.0 = Release|Win32
		{22B123AF-91D0-495A-9259-E9BACD1A7F88}.Release|x64.ActiveCfg = Release|x64
		{22B123AF-91D0-495A-9259-E9BACD1A7F88}.x64|Win32.ActiveCfg = Release|Win32
		{22B123AF-91D0-495A-9259-E9BACD1A7F88}.x64|Win32.Build.0 = Release|Win32
		{22B123AF-91D0-495A-9259-E9BACD1A7F88}.x64|x64.ActiveCfg = Release|x64
		{22B123AF-91D0-495A-9259-E9BACD1A7F88}.x64|x64.Build.0 = Release|x64
		{B3100679-5DC4-419C-A154-7AEA8446B567}.Debug|Win32.ActiveCfg = Debug|Win32
		{B3100679-5DC4-419C-A154-7AEA8446B567}.Debug|Win32.Build.0 = Debug|Win32
		{B3100679-5DC4-419C-A154-7AEA8446B567}.Debug|x64.ActiveCfg = Debug|x64
		{B3100679-5DC4-419C-A154-7AEA8446B567}.Release|Win32.ActiveCfg = Release|Win32
		{B3100679-5DC4-419C-A154-7AEA8446B567}.Release|Win32.Build.0 = Release|Win32
		{B3100679-5DC4-419C-A154-7AEA8446B567}.Release|x64.ActiveCfg = Release|x64
		{B3100679-5DC4-419C-A154-7AEA8446B567}.x64|Win32.ActiveCfg = Debug|Win32
		{B3100679-5DC4-419C-A154-7AEA8446B567}.x64|Win32.Build.0 = Debug|Win32
		{B3100679-5DC4-419C-A154-7AEA8446B567}.x64|x64.ActiveCfg = Debug|x64
		{B3100679-5DC4-419C-A154-7AEA8446B567}.x64|x64.Build.0 = Debug|x64
		{E6B31CA0-BAA9-4DA0-879D-160BAD2490C7}.Debug|Win32.ActiveCfg = Debug|x64
		{E6B31CA0-BAA9-4DA0-879D-160BAD2490C7}.Debug|x64.ActiveCfg = Debug|x64
		{E6B31CA0-BAA9-4DA0-879D-160BAD2490C7}.Release|Win32.ActiveCfg = Release|x64
		{E6B31CA0-BAA9-4DA0-879D-160BAD2490C7}.Release|x64.ActiveCfg = Release|x64
		{E6B31CA0-BAA9-4DA0-879D-160BAD2490C7}.x64|Win32.ActiveCfg = Debug|x64
		{E6B31CA0-BAA9-4DA0-879D-160BAD2490C7}.x64|Win32.Build.0 = Debug|x64
		{E6B31CA0-BAA9-4DA0-879D-160BAD2490C7}.x64|x64.ActiveCfg = Debug|x64
		{E6B31CA0-BAA9-4DA0-879D-160BAD2490C7}.x64|x64.Build.0 = Debug|x64
	EndGlobalSection
	GlobalSection(SolutionProperties) = preSolution
		HideSolutionNode = FALSE
	EndGlobalSection
	GlobalSection(NestedProjects) = preSolution
		{6A5F11D7-E0A3-46AA-87D9-0C78273F5C8A} = {667FCFD8-CD55-43E4-A442-73AB8CEC1630}
		{6737CA4D-F31D-41EE-AC6E-66C458BF361F} = {667FCFD8-CD55-43E4-A442-73AB8CEC1630}
		{579BD6CE-5E2B-4FC1-A3FD-70A960CDA200} = {667FCFD8-CD55-43E4-A442-73AB8CEC1630}
		{AB885C41-A569-4EE0-9223-2860CADBF80B} = {667FCFD8-CD55-43E4-A442-73AB8CEC1630}
		{A4568DB0-B31F-4E3B-9336-F092624F71B3} = {667FCFD8-CD55-43E4-A442-73AB8CEC1630}
		{591995B6-1F7A-402A-B6E9-B7BB846A7DD6} = {667FCFD8-CD55-43E4-A442-73AB8CEC1630}
		{6BD1838C-640D-4D1A-A318-15A4C14B5500} = {667FCFD8-CD55-43E4-A442-73AB8CEC1630}
		{6BD1838C-640D-4D1A-A318-15A4C14B5553} = {667FCFD8-CD55-43E4-A442-73AB8CEC1630}
		{E296805C-1E87-4823-9A97-2F00EE2526C5} = {667FCFD8-CD55-43E4-A442-73AB8CEC1630}
		{E4809213-0142-4FB3-93C7-C25CC26C9019} = {667FCFD8-CD55-43E4-A442-73AB8CEC1630}
		{54A5CA6A-BD44-4F3E-811C-84D1209A2773} = {667FCFD8-CD55-43E4-A442-73AB8CEC1630}
		{6BD1838C-640D-4D1A-A318-15A4C14B87D5} = {667FCFD8-CD55-43E4-A442-73AB8CEC1630}
		{DE7EE554-909A-472E-953F-F9E853A16775} = {667FCFD8-CD55-43E4-A442-73AB8CEC1630}
		{CDE4E80C-B241-4975-AAC1-2BBCB7905643} = {667FCFD8-CD55-43E4-A442-73AB8CEC1630}
		{33379234-83B5-4CF3-AFAD-E5B4677F3352} = {667FCFD8-CD55-43E4-A442-73AB8CEC1630}
		{F5BE0011-7C40-4345-8114-EDEA896BAD8E} = {667FCFD8-CD55-43E4-A442-73AB8CEC1630}
		{A2C7FCD6-D1FA-4994-9065-99971B8F946A} = {667FCFD8-CD55-43E4-A442-73AB8CEC1630}
		{2796FA50-8157-4B0E-88CB-BA449B07BE97} = {667FCFD8-CD55-43E4-A442-73AB8CEC1630}
		{402552EC-50B3-42D4-B917-A95CD8ED7864} = {667FCFD8-CD55-43E4-A442-73AB8CEC1630}
		{223C756A-628D-47F0-83F8-AF06C1F64D79} = {667FCFD8-CD55-43E4-A442-73AB8CEC1630}
		{6AAB52D0-DE06-46FB-92EC-E86BE7D9A404} = {667FCFD8-CD55-43E4-A442-73AB8CEC1630}
		{579BD6CE-5E2B-4FC1-A3FD-70A960CDA2CC} = {667FCFD8-CD55-43E4-A442-73AB8CEC1630}
		{6BD1838C-640D-4D1A-A318-15A4C14B87E6} = {667FCFD8-CD55-43E4-A442-73AB8CEC1630}
		{2F7AFEFF-A6E7-4C48-B53B-C2227EE8F9B5} = {667FCFD8-CD55-43E4-A442-73AB8CEC1630}
		{6737CA4D-F31D-41EE-AC6E-66C458BF362E} = {667FCFD8-CD55-43E4-A442-73AB8CEC1630}
		{6E992D09-BD84-4299-8CF8-36DAE90962FC} = {667FCFD8-CD55-43E4-A442-73AB8CEC1630}
		{E4809213-0142-4FB3-93C7-C25CC26C9008} = {667FCFD8-CD55-43E4-A442-73AB8CEC1630}
		{1D6477C7-BF2E-4E42-B44E-F3101362A1D0} = {667FCFD8-CD55-43E4-A442-73AB8CEC1630}
		{579BD6CE-5E2B-4FC1-A3FD-70A960CDA2DD} = {667FCFD8-CD55-43E4-A442-73AB8CEC1630}
		{422823D6-4CE7-4684-B36C-A32931AEDC0C} = {667FCFD8-CD55-43E4-A442-73AB8CEC1630}
		{E56DB7F3-9C4B-45DF-BF4F-E97900E58A18} = {667FCFD8-CD55-43E4-A442-73AB8CEC1630}
		{C0CEEA06-9F22-4A75-A3A0-7B0CD0A2CB30} = {667FCFD8-CD55-43E4-A442-73AB8CEC1630}
		{36BC40CE-6CC0-1014-8F49-AA9E5588203F} = {667FCFD8-CD55-43E4-A442-73AB8CEC1630}
		{DDA3B7B5-6BF8-1014-889A-F33741A31375} = {667FCFD8-CD55-43E4-A442-73AB8CEC1630}
		{9D51F971-23DF-483C-9D39-BEF0E0FEDD41} = {91CD40F8-1833-429A-9E59-8FAFB9245358}
		{C95991E3-0A58-4E52-9D7C-96687B8BFCF6} = {91CD40F8-1833-429A-9E59-8FAFB9245358}
		{3C606E14-D7D0-4F87-860E-7441287DDAD9} = {91CD40F8-1833-429A-9E59-8FAFB9245358}
		{36BC40CE-6CC0-1014-8F49-AA9E55882000} = {667FCFD8-CD55-43E4-A442-73AB8CEC1630}
		{B29EB8C7-939C-4297-8215-11CD5B75F2F5} = {667FCFD8-CD55-43E4-A442-73AB8CEC1630}
		{9EE8FE18-0979-4CD5-9928-0E30683955DD} = {667FCFD8-CD55-43E4-A442-73AB8CEC1630}
		{A35525C0-91A9-4FCD-8F5F-25B9447070E4} = {667FCFD8-CD55-43E4-A442-73AB8CEC1630}
		{BB1EA7E1-0525-4ECD-A5D2-78D407FB82F3} = {667FCFD8-CD55-43E4-A442-73AB8CEC1630}
		{1A9143A4-B802-4807-B8E6-1FF7ECF46DA9} = {74F177D0-230B-434F-9991-DD763B3431E6}
		{97C9D71C-D670-4BB4-9865-1967EC51D961} = {74F177D0-230B-434F-9991-DD763B3431E6}
		{79A757E2-8E67-4982-B387-A7DD17EB8296} = {667FCFD8-CD55-43E4-A442-73AB8CEC1630}
		{AA63294B-9635-4D29-9268-59581157C66F} = {667FCFD8-CD55-43E4-A442-73AB8CEC1630}
		{22B123AF-91D0-495A-9259-E9BACD1A7F88} = {667FCFD8-CD55-43E4-A442-73AB8CEC1630}
		{B3100679-5DC4-419C-A154-7AEA8446B567} = {667FCFD8-CD55-43E4-A442-73AB8CEC1630}
		{E6B31CA0-BAA9-4DA0-879D-160BAD2490C7} = {667FCFD8-CD55-43E4-A442-73AB8CEC1630}
	EndGlobalSection
	GlobalSection(ExtensibilityGlobals) = postSolution
		SolutionGuid = {9A40847A-A63A-471A-9999-C7ED6C47623B}
		Qt5Version = $(DefaultQtVersion)
	EndGlobalSection
EndGlobal
