<?xml version="1.0" encoding="utf-8"?>
<Project ToolsVersion="4.0" xmlns="http://schemas.microsoft.com/developer/msbuild/2003">
  <ItemGroup>
    <Filter Include="Quelldateien">
      <UniqueIdentifier>{4FC737F1-C7A5-4376-A066-2A32D752A2FF}</UniqueIdentifier>
      <Extensions>cpp;c;cxx;def;odl;idl;hpj;bat;asm;asmx</Extensions>
    </Filter>
    <Filter Include="Headerdateien">
      <UniqueIdentifier>{93995380-89BD-4b04-88EB-625FBE52EBFB}</UniqueIdentifier>
      <Extensions>h;hpp;hxx;hm;inl;inc;xsd</Extensions>
    </Filter>
  </ItemGroup>
  <ItemGroup>
    <ClCompile Include="cdb.cxx">
      <Filter>Quelldateien</Filter>
    </ClCompile>
    <ClCompile Include="tpulconvbulgaria.c">
      <Filter>Quelldateien</Filter>
    </ClCompile>
    <ClCompile Include="tpuldbbulgaria.cxx">
      <Filter>Quelldateien</Filter>
    </ClCompile>
    <ClCompile Include="tpulzpbulgaria.c">
      <Filter>Quelldateien</Filter>
    </ClCompile>
    <ClCompile Include="zeitstempel.c">
      <Filter>Quelldateien</Filter>
    </ClCompile>
  </ItemGroup>
  <ItemGroup>
    <ClInclude Include="cdb.h">
      <Filter>Headerdateien</Filter>
    </ClInclude>
    <ClInclude Include="tpulconvbulgaria.h">
      <Filter>Headerdateien</Filter>
    </ClInclude>
    <ClInclude Include="tpuldbbulgaria.h">
      <Filter>Headerdateien</Filter>
    </ClInclude>
    <ClInclude Include="tpulzpbulgaria.h">
      <Filter>Headerdateien</Filter>
    </ClInclude>
    <ClInclude Include="zeitstempel.h">
      <Filter>Headerdateien</Filter>
    </ClInclude>
  </ItemGroup>
  <ItemGroup>
    <None Include="makefile" />
    <None Include="start.sh" />
  </ItemGroup>
</Project>