<?xml version="1.0" encoding="utf-8"?>
<Project ToolsVersion="4.0" xmlns="http://schemas.microsoft.com/developer/msbuild/2003">
  <ItemGroup>
    <Filter Include="Quelldateien">
      <UniqueIdentifier>{eaf89dbc-72fb-438a-a080-ded7d7a77a46}</UniqueIdentifier>
    </Filter>
    <Filter Include="Headerdateien">
      <UniqueIdentifier>{75f5d248-2b77-474b-8603-a2a3518766e5}</UniqueIdentifier>
    </Filter>
    <Filter Include="unix">
      <UniqueIdentifier>{55613620-6c83-4a17-9eb5-39aff21943f8}</UniqueIdentifier>
    </Filter>
  </ItemGroup>
  <ItemGroup>
    <ClCompile Include="src\g_impartik.c">
      <Filter>Quelldateien</Filter>
    </ClCompile>
    <ClCompile Include="src\hp_mainz.c">
      <Filter>Quelldateien</Filter>
    </ClCompile>
    <ClCompile Include="src\logfile.c">
      <Filter>Quelldateien</Filter>
    </ClCompile>
    <ClCompile Include="src\pnamcode.c">
      <Filter>Quelldateien</Filter>
    </ClCompile>
    <ClCompile Include="src\pw_form.c">
      <Filter>Quelldateien</Filter>
    </ClCompile>
    <ClCompile Include="src\sql_impartik.c">
      <Filter>Quelldateien</Filter>
    </ClCompile>
    <ClCompile Include="src\importarticlegenerator.c">
      <Filter>Quelldateien</Filter>
    </ClCompile>
  </ItemGroup>
  <ItemGroup>
    <ClInclude Include="src\g_impartik.h">
      <Filter>Headerdateien</Filter>
    </ClInclude>
    <ClInclude Include="src\logfile.h">
      <Filter>Headerdateien</Filter>
    </ClInclude>
    <ClInclude Include="src\pnamcode.h">
      <Filter>Headerdateien</Filter>
    </ClInclude>
    <ClInclude Include="src\pw_form.h">
      <Filter>Headerdateien</Filter>
    </ClInclude>
    <ClInclude Include="src\sql_impartik.h">
      <Filter>Headerdateien</Filter>
    </ClInclude>
  </ItemGroup>
  <ItemGroup>
    <None Include="makefile">
      <Filter>unix</Filter>
    </None>
  </ItemGroup>
</Project>