<?xml version="1.0" encoding="utf-8"?>
<Project ToolsVersion="4.0" xmlns="http://schemas.microsoft.com/developer/msbuild/2003">
  <ItemGroup>
    <Filter Include="Quellcodedateien">
      <UniqueIdentifier>{4b30e606-f322-4de1-b9cd-fae92bd7f47c}</UniqueIdentifier>
      <Extensions>cpp;c;cxx;rc;def;r;odl;idl;hpj;bat</Extensions>
    </Filter>
    <Filter Include="Header-Dateien">
      <UniqueIdentifier>{aabd43b4-56a3-49e9-a0d9-2cb9e447b0e8}</UniqueIdentifier>
      <Extensions>h;hpp;hxx;hm;inl</Extensions>
    </Filter>
    <Filter Include="Ressourcendateien">
      <UniqueIdentifier>{89343572-061e-4c26-b9b6-04c8dec79b22}</UniqueIdentifier>
      <Extensions>ico;cur;bmp;dlg;rc2;rct;bin;rgs;gif;jpg;jpeg;jpe</Extensions>
    </Filter>
  </ItemGroup>
  <ItemGroup>
    <ClCompile Include="ConSoVa2.cpp">
      <Filter>Quellcodedateien</Filter>
    </ClCompile>
    <ClCompile Include="DruckView.cpp">
      <Filter>Quellcodedateien</Filter>
    </ClCompile>
    <ClCompile Include="ExcelCsv.cpp">
      <Filter>Quellcodedateien</Filter>
    </ClCompile>
    <ClCompile Include="GenfestbView.cpp">
      <Filter>Quellcodedateien</Filter>
    </ClCompile>
    <ClCompile Include="GenIfaLieferung.cpp">
      <Filter>Quellcodedateien</Filter>
    </ClCompile>
    <ClCompile Include="GetBranches.cpp">
      <Filter>Quellcodedateien</Filter>
    </ClCompile>
    <ClCompile Include="hPflegeView.cpp">
      <Filter>Quellcodedateien</Filter>
    </ClCompile>
    <ClCompile Include="LineprotDlg.cpp">
      <Filter>Quellcodedateien</Filter>
    </ClCompile>
    <ClCompile Include="MainFrm.cpp">
      <Filter>Quellcodedateien</Filter>
    </ClCompile>
    <ClCompile Include="NewautidemView.cpp">
      <Filter>Quellcodedateien</Filter>
    </ClCompile>
    <ClCompile Include="PflFelder.cpp">
      <Filter>Quellcodedateien</Filter>
    </ClCompile>
    <ClCompile Include="RechteDlg.cpp">
      <Filter>Quellcodedateien</Filter>
    </ClCompile>
    <ClCompile Include="ServerDlg.cpp">
      <Filter>Quellcodedateien</Filter>
    </ClCompile>
    <ClCompile Include="StdAfx.cpp">
      <Filter>Quellcodedateien</Filter>
    </ClCompile>
    <ClCompile Include="UpdateFromExcelView.cpp">
      <Filter>Quellcodedateien</Filter>
    </ClCompile>
    <ClCompile Include="UserDlg.cpp">
      <Filter>Quellcodedateien</Filter>
    </ClCompile>
    <ClCompile Include="ZdpUtil.cpp">
      <Filter>Quellcodedateien</Filter>
    </ClCompile>
    <ClCompile Include="ZdpUtilDoc.cpp">
      <Filter>Quellcodedateien</Filter>
    </ClCompile>
    <ClCompile Include="ZdpUtilView.cpp">
      <Filter>Quellcodedateien</Filter>
    </ClCompile>
    <ClCompile Include="RwProfile.cpp">
      <Filter>Quellcodedateien</Filter>
    </ClCompile>
    <ClCompile Include="ReadProtoView.cpp">
      <Filter>Quellcodedateien</Filter>
    </ClCompile>
  </ItemGroup>
  <ItemGroup>
    <ResourceCompile Include="ZdpUtil.rc">
      <Filter>Quellcodedateien</Filter>
    </ResourceCompile>
  </ItemGroup>
  <ItemGroup>
    <ClInclude Include="ConSoVa2.h">
      <Filter>Header-Dateien</Filter>
    </ClInclude>
    <ClInclude Include="DruckView.h">
      <Filter>Header-Dateien</Filter>
    </ClInclude>
    <ClInclude Include="ExcelCsv.h">
      <Filter>Header-Dateien</Filter>
    </ClInclude>
    <ClInclude Include="FeldBreite.h">
      <Filter>Header-Dateien</Filter>
    </ClInclude>
    <ClInclude Include="GenfestbView.h">
      <Filter>Header-Dateien</Filter>
    </ClInclude>
    <ClInclude Include="GenIfaLieferung.h">
      <Filter>Header-Dateien</Filter>
    </ClInclude>
    <ClInclude Include="GetBranches.h">
      <Filter>Header-Dateien</Filter>
    </ClInclude>
    <ClInclude Include="hPflegeView.h">
      <Filter>Header-Dateien</Filter>
    </ClInclude>
    <ClInclude Include="LineprotDlg.h">
      <Filter>Header-Dateien</Filter>
    </ClInclude>
    <ClInclude Include="MainFrm.h">
      <Filter>Header-Dateien</Filter>
    </ClInclude>
    <ClInclude Include="MenuNumbers.h">
      <Filter>Header-Dateien</Filter>
    </ClInclude>
    <ClInclude Include="NewautidemView.h">
      <Filter>Header-Dateien</Filter>
    </ClInclude>
    <ClInclude Include="PflFelder.h">
      <Filter>Header-Dateien</Filter>
    </ClInclude>
    <ClInclude Include="RechteDlg.h">
      <Filter>Header-Dateien</Filter>
    </ClInclude>
    <ClInclude Include="Resource.h">
      <Filter>Header-Dateien</Filter>
    </ClInclude>
    <ClInclude Include="ServerDlg.h">
      <Filter>Header-Dateien</Filter>
    </ClInclude>
    <ClInclude Include="StdAfx.h">
      <Filter>Header-Dateien</Filter>
    </ClInclude>
    <ClInclude Include="UpdateFromExcelView.h">
      <Filter>Header-Dateien</Filter>
    </ClInclude>
    <ClInclude Include="UserDlg.h">
      <Filter>Header-Dateien</Filter>
    </ClInclude>
    <ClInclude Include="ViewNumbers.h">
      <Filter>Header-Dateien</Filter>
    </ClInclude>
    <ClInclude Include="ZdpUtil.h">
      <Filter>Header-Dateien</Filter>
    </ClInclude>
    <ClInclude Include="ZdpUtilDoc.h">
      <Filter>Header-Dateien</Filter>
    </ClInclude>
    <ClInclude Include="ZdpUtilView.h">
      <Filter>Header-Dateien</Filter>
    </ClInclude>
    <ClInclude Include="RwProfile.h">
      <Filter>Header-Dateien</Filter>
    </ClInclude>
  </ItemGroup>
  <ItemGroup>
    <None Include="res\bitmap1.bmp">
      <Filter>Ressourcendateien</Filter>
    </None>
    <None Include="res\bm_knoedel.bmp">
      <Filter>Ressourcendateien</Filter>
    </None>
    <None Include="res\bm_passw.bmp">
      <Filter>Ressourcendateien</Filter>
    </None>
    <None Include="res\bm_right.bmp">
      <Filter>Ressourcendateien</Filter>
    </None>
    <None Include="res\bm_ruebl.bmp">
      <Filter>Ressourcendateien</Filter>
    </None>
    <None Include="res\bm_suche.bmp">
      <Filter>Ressourcendateien</Filter>
    </None>
    <None Include="res\bm_voges.bmp">
      <Filter>Ressourcendateien</Filter>
    </None>
    <None Include="res\bm_vorbl.bmp">
      <Filter>Ressourcendateien</Filter>
    </None>
    <None Include="res\bmp00001.bmp">
      <Filter>Ressourcendateien</Filter>
    </None>
    <None Include="res\bmp00002.bmp">
      <Filter>Ressourcendateien</Filter>
    </None>
    <None Include="res\bmp00003.bmp">
      <Filter>Ressourcendateien</Filter>
    </None>
    <None Include="res\Toolbar.bmp">
      <Filter>Ressourcendateien</Filter>
    </None>
    <None Include="res\ZdpUtil.ico">
      <Filter>Ressourcendateien</Filter>
    </None>
    <None Include="res\ZdpUtil.rc2">
      <Filter>Ressourcendateien</Filter>
    </None>
    <None Include="res\ZdpUtilDoc.ico">
      <Filter>Ressourcendateien</Filter>
    </None>
    <None Include="ReadMe.txt" />
  </ItemGroup>
</Project>