<?xml version="1.0" encoding="utf-8"?>
<Project ToolsVersion="4.0" xmlns="http://schemas.microsoft.com/developer/msbuild/2003">
  <ItemGroup>
    <Filter Include="Quellcodedateien">
      <UniqueIdentifier>{88ca7d2e-8a8f-47b1-a472-d9ec58a4d9e4}</UniqueIdentifier>
      <Extensions>cpp;c;cxx;rc;def;r;odl;idl;hpj;bat</Extensions>
    </Filter>
    <Filter Include="Header-Dateien">
      <UniqueIdentifier>{558d80d1-48c7-444a-a2d8-80b30c179a3d}</UniqueIdentifier>
      <Extensions>h;hpp;hxx;hm;inl</Extensions>
    </Filter>
    <Filter Include="unix">
      <UniqueIdentifier>{323db903-ca92-48eb-84ae-7b3003752b8a}</UniqueIdentifier>
    </Filter>
  </ItemGroup>
  <ItemGroup>
    <ClCompile Include="src\hp_main.c">
      <Filter>Quellcodedateien</Filter>
    </ClCompile>
    <ClCompile Include="src\logfile.c">
      <Filter>Quellcodedateien</Filter>
    </ClCompile>
    <ClCompile Include="src\p_allpro.c">
      <Filter>Quellcodedateien</Filter>
    </ClCompile>
    <ClCompile Include="src\p_artrel.c">
      <Filter>Quellcodedateien</Filter>
    </ClCompile>
    <ClCompile Include="src\p_artsor.c">
      <Filter>Quellcodedateien</Filter>
    </ClCompile>
    <ClCompile Include="src\p_drzeil.c">
      <Filter>Quellcodedateien</Filter>
    </ClCompile>
    <ClCompile Include="src\p_hidruk.c">
      <Filter>Quellcodedateien</Filter>
    </ClCompile>
    <ClCompile Include="src\p_prinfo.c">
      <Filter>Quellcodedateien</Filter>
    </ClCompile>
    <ClCompile Include="src\p_relati.c">
      <Filter>Quellcodedateien</Filter>
    </ClCompile>
    <ClCompile Include="src\zpdrupro.c">
      <Filter>Quellcodedateien</Filter>
    </ClCompile>
  </ItemGroup>
  <ItemGroup>
    <ClInclude Include="src\h_protok.h">
      <Filter>Header-Dateien</Filter>
    </ClInclude>
    <ClInclude Include="src\logfile.h">
      <Filter>Header-Dateien</Filter>
    </ClInclude>
  </ItemGroup>
  <ItemGroup>
    <None Include="makefile">
      <Filter>unix</Filter>
    </None>
  </ItemGroup>
</Project>