<?xml version="1.0" encoding="utf-8"?>
<Project ToolsVersion="4.0" xmlns="http://schemas.microsoft.com/developer/msbuild/2003">
  <ItemGroup>
    <Filter Include="Quellcodedateien">
      <UniqueIdentifier>{5ee24bff-9a38-4363-b0f0-3a17ba403d85}</UniqueIdentifier>
      <Extensions>cpp;c;cxx;rc;def;r;odl;idl;hpj;bat</Extensions>
    </Filter>
    <Filter Include="Header-Dateien">
      <UniqueIdentifier>{56d66e8b-ec43-4544-92cc-727ea3e27585}</UniqueIdentifier>
      <Extensions>h;hpp;hxx;hm;inl</Extensions>
    </Filter>
    <Filter Include="unix">
      <UniqueIdentifier>{b1b27c98-cb84-4ab1-8857-07d125f4f3f1}</UniqueIdentifier>
    </Filter>
  </ItemGroup>
  <ItemGroup>
    <ClCompile Include="src\cp_ifa.c">
      <Filter>Quellcodedateien</Filter>
    </ClCompile>
    <ClCompile Include="src\g_iartik.c">
      <Filter>Quellcodedateien</Filter>
    </ClCompile>
    <ClCompile Include="src\g_ifoart.c">
      <Filter>Quellcodedateien</Filter>
    </ClCompile>
    <ClCompile Include="src\hp_mainz.c">
      <Filter>Quellcodedateien</Filter>
    </ClCompile>
    <ClCompile Include="src\kf_rund.c">
      <Filter>Quellcodedateien</Filter>
    </ClCompile>
    <ClCompile Include="src\l_taxtab.c">
      <Filter>Quellcodedateien</Filter>
    </ClCompile>
    <ClCompile Include="src\logfile.c">
      <Filter>Quellcodedateien</Filter>
    </ClCompile>
    <ClCompile Include="src\pnamcode.c">
      <Filter>Quellcodedateien</Filter>
    </ClCompile>
    <ClCompile Include="src\znb_gen.c">
      <Filter>Quellcodedateien</Filter>
    </ClCompile>
    <ClCompile Include="src\zpiartik.c">
      <Filter>Quellcodedateien</Filter>
    </ClCompile>
    <ClCompile Include="src\zpreitst.c">
      <Filter>Quellcodedateien</Filter>
    </ClCompile>
  </ItemGroup>
  <ItemGroup>
    <ClInclude Include="src\g_ifoart.h">
      <Filter>Header-Dateien</Filter>
    </ClInclude>
    <ClInclude Include="src\ifa_info.h">
      <Filter>Header-Dateien</Filter>
    </ClInclude>
    <ClInclude Include="src\ifa_satz.h">
      <Filter>Header-Dateien</Filter>
    </ClInclude>
    <ClInclude Include="src\ifa_stat.h">
      <Filter>Header-Dateien</Filter>
    </ClInclude>
    <ClInclude Include="src\ifa_stru.h">
      <Filter>Header-Dateien</Filter>
    </ClInclude>
    <ClInclude Include="src\l_taxtab.h">
      <Filter>Header-Dateien</Filter>
    </ClInclude>
    <ClInclude Include="src\logfile.h">
      <Filter>Header-Dateien</Filter>
    </ClInclude>
    <ClInclude Include="src\pnamcode.h">
      <Filter>Header-Dateien</Filter>
    </ClInclude>
    <ClInclude Include="src\zifastat.h">
      <Filter>Header-Dateien</Filter>
    </ClInclude>
    <ClInclude Include="src\znb_gen.h">
      <Filter>Header-Dateien</Filter>
    </ClInclude>
  </ItemGroup>
  <ItemGroup>
    <None Include="makefile">
      <Filter>unix</Filter>
    </None>
  </ItemGroup>
</Project>