<?xml version="1.0" encoding="utf-8"?>
<Project ToolsVersion="4.0" xmlns="http://schemas.microsoft.com/developer/msbuild/2003">
  <ItemGroup>
    <Filter Include="Quellcodedateien">
      <UniqueIdentifier>{0adcae8d-58eb-4ea9-9d7e-2d0d402aa5d8}</UniqueIdentifier>
      <Extensions>cpp;c;cxx;rc;def;r;odl;idl;hpj;bat</Extensions>
    </Filter>
    <Filter Include="Header-Dateien">
      <UniqueIdentifier>{e4a6e329-e1d0-417c-bc79-c5068674eb38}</UniqueIdentifier>
      <Extensions>h;hpp;hxx;hm;inl</Extensions>
    </Filter>
    <Filter Include="unix">
      <UniqueIdentifier>{eba452d4-e883-4a2a-bda3-b549170c7090}</UniqueIdentifier>
    </Filter>
  </ItemGroup>
  <ItemGroup>
    <ClCompile Include="src\asciidat.c">
      <Filter>Quellcodedateien</Filter>
    </ClCompile>
    <ClCompile Include="src\autiart.c">
      <Filter>Quellcodedateien</Filter>
    </ClCompile>
    <ClCompile Include="src\autret.c">
      <Filter>Quellcodedateien</Filter>
    </ClCompile>
    <ClCompile Include="src\autwpx.c">
      <Filter>Quellcodedateien</Filter>
    </ClCompile>
    <ClCompile Include="src\hp_mainz.c">
      <Filter>Quellcodedateien</Filter>
    </ClCompile>
    <ClCompile Include="src\logfile.c">
      <Filter>Quellcodedateien</Filter>
    </ClCompile>
    <ClCompile Include="src\normdat.c">
      <Filter>Quellcodedateien</Filter>
    </ClCompile>
    <ClCompile Include="src\zpautidm.c">
      <Filter>Quellcodedateien</Filter>
    </ClCompile>
  </ItemGroup>
  <ItemGroup>
    <ClInclude Include="src\asciidat.h">
      <Filter>Header-Dateien</Filter>
    </ClInclude>
    <ClInclude Include="src\autwpx.h">
      <Filter>Header-Dateien</Filter>
    </ClInclude>
    <ClInclude Include="src\logfile.h">
      <Filter>Header-Dateien</Filter>
    </ClInclude>
  </ItemGroup>
  <ItemGroup>
    <None Include="makefile">
      <Filter>unix</Filter>
    </None>
  </ItemGroup>
</Project>